
Microsoft Visual Studio Solution File, Format Version 12.00
# Visual Studio Version 16
VisualStudioVersion = 16.0.30114.105
MinimumVisualStudioVersion = 10.0.40219.1
Project("{8BC9CEB8-8B4A-11D0-8D11-00A0C91BC942}") = "lcmsWorld", "lcmsWorld.vcxproj", "{B4B52D65-B6EE-4A70-8057-5B272BC2D8D3}"
EndProject
Global
	GlobalSection(SolutionConfigurationPlatforms) = preSolution
		Debug|x64 = Debug|x64
		Debug|x86 = Debug|x86
		Dev|x64 = Dev|x64
		Dev|x86 = Dev|x86
		Release|x64 = Release|x64
		Release|x86 = Release|x86
	EndGlobalSection
	GlobalSection(ProjectConfigurationPlatforms) = postSolution
		{B4B52D65-B6EE-4A70-8057-5B272BC2D8D3}.Debug|x64.ActiveCfg = Debug|x64
		{B4B52D65-B6EE-4A70-8057-5B272BC2D8D3}.Debug|x64.Build.0 = Debug|x64
		{B4B52D65-B6EE-4A70-8057-5B272BC2D8D3}.Debug|x86.ActiveCfg = Debug|Win32
		{B4B52D65-B6EE-4A70-8057-5B272BC2D8D3}.Debug|x86.Build.0 = Debug|Win32
		{B4B52D65-B6EE-4A70-8057-5B272BC2D8D3}.Dev|x64.ActiveCfg = Dev|x64
		{B4B52D65-B6EE-4A70-8057-5B272BC2D8D3}.Dev|x64.Build.0 = Dev|x64
		{B4B52D65-B6EE-4A70-8057-5B272BC2D8D3}.Dev|x86.ActiveCfg = Dev|Win32
		{B4B52D65-B6EE-4A70-8057-5B272BC2D8D3}.Dev|x86.Build.0 = Dev|Win32
		{B4B52D65-B6EE-4A70-8057-5B272BC2D8D3}.Release|x64.ActiveCfg = Release|x64
		{B4B52D65-B6EE-4A70-8057-5B272BC2D8D3}.Release|x64.Build.0 = Release|x64
		{B4B52D65-B6EE-4A70-8057-5B272BC2D8D3}.Release|x86.ActiveCfg = Release|Win32
		{B4B52D65-B6EE-4A70-8057-5B272BC2D8D3}.Release|x86.Build.0 = Release|Win32
	EndGlobalSection
	GlobalSection(SolutionProperties) = preSolution
		HideSolutionNode = FALSE
	EndGlobalSection
	GlobalSection(ExtensibilityGlobals) = postSolution
		SolutionGuid = {B62DDC0C-57A9-41BE-82E4-8B5F09312CD7}
	EndGlobalSection
EndGlobal
