<?xml version="1.0" encoding="utf-8"?>
<Project ToolsVersion="4.0" xmlns="http://schemas.microsoft.com/developer/msbuild/2003">
  <ItemGroup>
    <Filter Include="Source Files">
      <UniqueIdentifier>{4FC737F1-C7A5-4376-A066-2A32D752A2FF}</UniqueIdentifier>
      <Extensions>cpp;c;cc;cxx;def;odl;idl;hpj;bat;asm;asmx</Extensions>
    </Filter>
    <Filter Include="Header Files">
      <UniqueIdentifier>{93995380-89BD-4b04-88EB-625FBE52EBFB}</UniqueIdentifier>
      <Extensions>h;hh;hpp;hxx;hm;inl;inc;xsd</Extensions>
    </Filter>
    <Filter Include="Resource Files">
      <UniqueIdentifier>{67DA6AB6-F800-4c08-8B7A-83BB121AAD01}</UniqueIdentifier>
      <Extensions>rc;ico;cur;bmp;dlg;rc2;rct;bin;rgs;gif;jpg;jpeg;jpe;resx;tiff;tif;png;wav;mfcribbon-ms</Extensions>
    </Filter>
  </ItemGroup>
  <ItemGroup>
    <ClCompile Include="src\main.cpp">
      <Filter>Source Files</Filter>
    </ClCompile>
    <ClCompile Include="src\imgui\imgui_demo.cpp">
      <Filter>Source Files</Filter>
    </ClCompile>
    <ClCompile Include="src\imgui\imgui_draw.cpp">
      <Filter>Source Files</Filter>
    </ClCompile>
    <ClCompile Include="src\imgui\imgui_widgets.cpp">
      <Filter>Source Files</Filter>
    </ClCompile>
    <ClCompile Include="src\imgui\imgui_impl_glfw.cpp">
      <Filter>Source Files</Filter>
    </ClCompile>
    <ClCompile Include="src\imgui\imgui_impl_opengl3.cpp">
      <Filter>Source Files</Filter>
    </ClCompile>
    <ClCompile Include="src\imgui\imgui.cpp">
      <Filter>Source Files</Filter>
    </ClCompile>
    <ClCompile Include="src\Landscape.cpp">
      <Filter>Source Files</Filter>
    </ClCompile>
    <ClCompile Include="src\MzmlLoader.cpp">
      <Filter>Source Files</Filter>
    </ClCompile>
    <ClCompile Include="src\MZData.cpp">
      <Filter>Source Files</Filter>
    </ClCompile>
    <ClCompile Include="src\GLDataRender.cpp">
      <Filter>Source Files</Filter>
    </ClCompile>
    <ClCompile Include="src\Tile.cpp">
      <Filter>Source Files</Filter>
    </ClCompile>
    <ClCompile Include="src\GLMesh.cpp">
      <Filter>Source Files</Filter>
    </ClCompile>
    <ClCompile Include="src\Mesh.cpp">
      <Filter>Source Files</Filter>
    </ClCompile>
    <ClCompile Include="src\MZLoaderHandle.cpp">
      <Filter>Source Files</Filter>
    </ClCompile>
    <ClCompile Include="src\MZScan.cpp">
      <Filter>Source Files</Filter>
    </ClCompile>
    <ClCompile Include="src\MZLoader.cpp">
      <Filter>Source Files</Filter>
    </ClCompile>
    <ClCompile Include="src\SampleLoader.cpp">
      <Filter>Source Files</Filter>
    </ClCompile>
    <ClCompile Include="src\texture.cpp">
      <Filter>Source Files</Filter>
    </ClCompile>
    <ClCompile Include="src\shader.cpp">
      <Filter>Source Files</Filter>
    </ClCompile>
    <ClCompile Include="src\Fader.cpp">
      <Filter>Source Files</Filter>
    </ClCompile>
    <ClCompile Include="src\ImGuiFileDialog.cpp">
      <Filter>Source Files</Filter>
    </ClCompile>
    <ClCompile Include="src\Settings.cpp">
      <Filter>Source Files</Filter>
    </ClCompile>
    <ClCompile Include="src\Globals.cpp">
      <Filter>Source Files</Filter>
    </ClCompile>
    <ClCompile Include="src\Utils.cpp">
      <Filter>Source Files</Filter>
    </ClCompile>
    <ClCompile Include="src\gui.cpp">
      <Filter>Source Files</Filter>
    </ClCompile>
    <ClCompile Include="src\Camera.cpp">
      <Filter>Source Files</Filter>
    </ClCompile>
    <ClCompile Include="src\Error.cpp">
      <Filter>Source Files</Filter>
    </ClCompile>
    <ClCompile Include="src\Spectrum.cpp">
      <Filter>Source Files</Filter>
    </ClCompile>
    <ClCompile Include="src\RawReader.cpp">
      <Filter>Source Files</Filter>
    </ClCompile>
    <ClCompile Include="src\RawLoader.cpp">
      <Filter>Source Files</Filter>
    </ClCompile>
    <ClCompile Include="src\MakeMesh.cpp">
      <Filter>Source Files</Filter>
    </ClCompile>
    <ClCompile Include="src\Annotations.cpp">
      <Filter>Source Files</Filter>
    </ClCompile>
    <ClCompile Include="src\ConcurrentMap.cpp">
      <Filter>Source Files</Filter>
    </ClCompile>
    <ClCompile Include="src\Render.cpp">
      <Filter>Source Files</Filter>
    </ClCompile>
    <ClCompile Include="src\Builder.cpp">
      <Filter>Source Files</Filter>
    </ClCompile>
    <ClCompile Include="src\Cache.cpp">
      <Filter>Source Files</Filter>
    </ClCompile>
    <ClCompile Include="src\System.cpp">
      <Filter>Source Files</Filter>
    </ClCompile>
    <ClCompile Include="src\zlib\adler32.c">
      <Filter>Source Files</Filter>
    </ClCompile>
    <ClCompile Include="src\zlib\compress.c">
      <Filter>Source Files</Filter>
    </ClCompile>
    <ClCompile Include="src\zlib\crc32.c">
      <Filter>Source Files</Filter>
    </ClCompile>
    <ClCompile Include="src\zlib\deflate.c">
      <Filter>Source Files</Filter>
    </ClCompile>
    <ClCompile Include="src\zlib\gzclose.c">
      <Filter>Source Files</Filter>
    </ClCompile>
    <ClCompile Include="src\zlib\gzlib.c">
      <Filter>Source Files</Filter>
    </ClCompile>
    <ClCompile Include="src\zlib\gzread.c">
      <Filter>Source Files</Filter>
    </ClCompile>
    <ClCompile Include="src\zlib\gzwrite.c">
      <Filter>Source Files</Filter>
    </ClCompile>
    <ClCompile Include="src\zlib\infback.c">
      <Filter>Source Files</Filter>
    </ClCompile>
    <ClCompile Include="src\zlib\inffast.c">
      <Filter>Source Files</Filter>
    </ClCompile>
    <ClCompile Include="src\zlib\inflate.c">
      <Filter>Source Files</Filter>
    </ClCompile>
    <ClCompile Include="src\zlib\inftrees.c">
      <Filter>Source Files</Filter>
    </ClCompile>
    <ClCompile Include="src\zlib\trees.c">
      <Filter>Source Files</Filter>
    </ClCompile>
    <ClCompile Include="src\zlib\uncompr.c">
      <Filter>Source Files</Filter>
    </ClCompile>
    <ClCompile Include="src\zlib\zutil.c">
      <Filter>Source Files</Filter>
    </ClCompile>
    <ClCompile Include="src\gl3w\gl3w.c">
      <Filter>Source Files</Filter>
    </ClCompile>
    <ClCompile Include="src\libcurl\vauth\cleartext.c">
      <Filter>Source Files</Filter>
    </ClCompile>
    <ClCompile Include="src\libcurl\vauth\cram.c">
      <Filter>Source Files</Filter>
    </ClCompile>
    <ClCompile Include="src\libcurl\vauth\digest.c">
      <Filter>Source Files</Filter>
    </ClCompile>
    <ClCompile Include="src\libcurl\vauth\digest_sspi.c">
      <Filter>Source Files</Filter>
    </ClCompile>
    <ClCompile Include="src\libcurl\vauth\krb5_gssapi.c">
      <Filter>Source Files</Filter>
    </ClCompile>
    <ClCompile Include="src\libcurl\vauth\krb5_sspi.c">
      <Filter>Source Files</Filter>
    </ClCompile>
    <ClCompile Include="src\libcurl\vauth\ntlm.c">
      <Filter>Source Files</Filter>
    </ClCompile>
    <ClCompile Include="src\libcurl\vauth\ntlm_sspi.c">
      <Filter>Source Files</Filter>
    </ClCompile>
    <ClCompile Include="src\libcurl\vauth\oauth2.c">
      <Filter>Source Files</Filter>
    </ClCompile>
    <ClCompile Include="src\libcurl\vauth\spnego_gssapi.c">
      <Filter>Source Files</Filter>
    </ClCompile>
    <ClCompile Include="src\libcurl\vauth\spnego_sspi.c">
      <Filter>Source Files</Filter>
    </ClCompile>
    <ClCompile Include="src\libcurl\vauth\vauth.c">
      <Filter>Source Files</Filter>
    </ClCompile>
    <ClCompile Include="src\libcurl\vtls\cyassl.c">
      <Filter>Source Files</Filter>
    </ClCompile>
    <ClCompile Include="src\libcurl\vtls\gskit.c">
      <Filter>Source Files</Filter>
    </ClCompile>
    <ClCompile Include="src\libcurl\vtls\gtls.c">
      <Filter>Source Files</Filter>
    </ClCompile>
    <ClCompile Include="src\libcurl\vtls\mbedtls.c">
      <Filter>Source Files</Filter>
    </ClCompile>
    <ClCompile Include="src\libcurl\vtls\mesalink.c">
      <Filter>Source Files</Filter>
    </ClCompile>
    <ClCompile Include="src\libcurl\vtls\nss.c">
      <Filter>Source Files</Filter>
    </ClCompile>
    <ClCompile Include="src\libcurl\vtls\openssl.c">
      <Filter>Source Files</Filter>
    </ClCompile>
    <ClCompile Include="src\libcurl\vtls\polarssl.c">
      <Filter>Source Files</Filter>
    </ClCompile>
    <ClCompile Include="src\libcurl\vtls\polarssl_threadlock.c">
      <Filter>Source Files</Filter>
    </ClCompile>
    <ClCompile Include="src\libcurl\vtls\schannel.c">
      <Filter>Source Files</Filter>
    </ClCompile>
    <ClCompile Include="src\libcurl\vtls\schannel_verify.c">
      <Filter>Source Files</Filter>
    </ClCompile>
    <ClCompile Include="src\libcurl\vtls\sectransp.c">
      <Filter>Source Files</Filter>
    </ClCompile>
    <ClCompile Include="src\libcurl\vtls\vtls.c">
      <Filter>Source Files</Filter>
    </ClCompile>
    <ClCompile Include="src\libcurl\altsvc.c">
      <Filter>Source Files</Filter>
    </ClCompile>
    <ClCompile Include="src\libcurl\amigaos.c">
      <Filter>Source Files</Filter>
    </ClCompile>
    <ClCompile Include="src\libcurl\asyn-ares.c">
      <Filter>Source Files</Filter>
    </ClCompile>
    <ClCompile Include="src\libcurl\asyn-thread.c">
      <Filter>Source Files</Filter>
    </ClCompile>
    <ClCompile Include="src\libcurl\base64.c">
      <Filter>Source Files</Filter>
    </ClCompile>
    <ClCompile Include="src\libcurl\conncache.c">
      <Filter>Source Files</Filter>
    </ClCompile>
    <ClCompile Include="src\libcurl\connect.c">
      <Filter>Source Files</Filter>
    </ClCompile>
    <ClCompile Include="src\libcurl\content_encoding.c">
      <Filter>Source Files</Filter>
    </ClCompile>
    <ClCompile Include="src\libcurl\cookie.c">
      <Filter>Source Files</Filter>
    </ClCompile>
    <ClCompile Include="src\libcurl\curl_addrinfo.c">
      <Filter>Source Files</Filter>
    </ClCompile>
    <ClCompile Include="src\libcurl\curl_ctype.c">
      <Filter>Source Files</Filter>
    </ClCompile>
    <ClCompile Include="src\libcurl\curl_des.c">
      <Filter>Source Files</Filter>
    </ClCompile>
    <ClCompile Include="src\libcurl\curl_endian.c">
      <Filter>Source Files</Filter>
    </ClCompile>
    <ClCompile Include="src\libcurl\curl_fnmatch.c">
      <Filter>Source Files</Filter>
    </ClCompile>
    <ClCompile Include="src\libcurl\curl_gethostname.c">
      <Filter>Source Files</Filter>
    </ClCompile>
    <ClCompile Include="src\libcurl\curl_gssapi.c">
      <Filter>Source Files</Filter>
    </ClCompile>
    <ClCompile Include="src\libcurl\curl_memrchr.c">
      <Filter>Source Files</Filter>
    </ClCompile>
    <ClCompile Include="src\libcurl\curl_multibyte.c">
      <Filter>Source Files</Filter>
    </ClCompile>
    <ClCompile Include="src\libcurl\curl_ntlm_core.c">
      <Filter>Source Files</Filter>
    </ClCompile>
    <ClCompile Include="src\libcurl\curl_ntlm_wb.c">
      <Filter>Source Files</Filter>
    </ClCompile>
    <ClCompile Include="src\libcurl\curl_path.c">
      <Filter>Source Files</Filter>
    </ClCompile>
    <ClCompile Include="src\libcurl\curl_range.c">
      <Filter>Source Files</Filter>
    </ClCompile>
    <ClCompile Include="src\libcurl\curl_rtmp.c">
      <Filter>Source Files</Filter>
    </ClCompile>
    <ClCompile Include="src\libcurl\curl_sasl.c">
      <Filter>Source Files</Filter>
    </ClCompile>
    <ClCompile Include="src\libcurl\curl_sspi.c">
      <Filter>Source Files</Filter>
    </ClCompile>
    <ClCompile Include="src\libcurl\curl_threads.c">
      <Filter>Source Files</Filter>
    </ClCompile>
    <ClCompile Include="src\libcurl\dict.c">
      <Filter>Source Files</Filter>
    </ClCompile>
    <ClCompile Include="src\libcurl\doh.c">
      <Filter>Source Files</Filter>
    </ClCompile>
    <ClCompile Include="src\libcurl\dotdot.c">
      <Filter>Source Files</Filter>
    </ClCompile>
    <ClCompile Include="src\libcurl\easy.c">
      <Filter>Source Files</Filter>
    </ClCompile>
    <ClCompile Include="src\libcurl\escape.c">
      <Filter>Source Files</Filter>
    </ClCompile>
    <ClCompile Include="src\libcurl\file.c">
      <Filter>Source Files</Filter>
    </ClCompile>
    <ClCompile Include="src\libcurl\fileinfo.c">
      <Filter>Source Files</Filter>
    </ClCompile>
    <ClCompile Include="src\libcurl\formdata.c">
      <Filter>Source Files</Filter>
    </ClCompile>
    <ClCompile Include="src\libcurl\ftp.c">
      <Filter>Source Files</Filter>
    </ClCompile>
    <ClCompile Include="src\libcurl\ftplistparser.c">
      <Filter>Source Files</Filter>
    </ClCompile>
    <ClCompile Include="src\libcurl\getenv.c">
      <Filter>Source Files</Filter>
    </ClCompile>
    <ClCompile Include="src\libcurl\getinfo.c">
      <Filter>Source Files</Filter>
    </ClCompile>
    <ClCompile Include="src\libcurl\gopher.c">
      <Filter>Source Files</Filter>
    </ClCompile>
    <ClCompile Include="src\libcurl\hash.c">
      <Filter>Source Files</Filter>
    </ClCompile>
    <ClCompile Include="src\libcurl\hmac.c">
      <Filter>Source Files</Filter>
    </ClCompile>
    <ClCompile Include="src\libcurl\hostasyn.c">
      <Filter>Source Files</Filter>
    </ClCompile>
    <ClCompile Include="src\libcurl\hostcheck.c">
      <Filter>Source Files</Filter>
    </ClCompile>
    <ClCompile Include="src\libcurl\hostip.c">
      <Filter>Source Files</Filter>
    </ClCompile>
    <ClCompile Include="src\libcurl\hostip4.c">
      <Filter>Source Files</Filter>
    </ClCompile>
    <ClCompile Include="src\libcurl\hostip6.c">
      <Filter>Source Files</Filter>
    </ClCompile>
    <ClCompile Include="src\libcurl\hostsyn.c">
      <Filter>Source Files</Filter>
    </ClCompile>
    <ClCompile Include="src\libcurl\http.c">
      <Filter>Source Files</Filter>
    </ClCompile>
    <ClCompile Include="src\libcurl\http_chunks.c">
      <Filter>Source Files</Filter>
    </ClCompile>
    <ClCompile Include="src\libcurl\http_digest.c">
      <Filter>Source Files</Filter>
    </ClCompile>
    <ClCompile Include="src\libcurl\http_negotiate.c">
      <Filter>Source Files</Filter>
    </ClCompile>
    <ClCompile Include="src\libcurl\http_ntlm.c">
      <Filter>Source Files</Filter>
    </ClCompile>
    <ClCompile Include="src\libcurl\http_proxy.c">
      <Filter>Source Files</Filter>
    </ClCompile>
    <ClCompile Include="src\libcurl\http2.c">
      <Filter>Source Files</Filter>
    </ClCompile>
    <ClCompile Include="src\libcurl\idn_win32.c">
      <Filter>Source Files</Filter>
    </ClCompile>
    <ClCompile Include="src\libcurl\if2ip.c">
      <Filter>Source Files</Filter>
    </ClCompile>
    <ClCompile Include="src\libcurl\imap.c">
      <Filter>Source Files</Filter>
    </ClCompile>
    <ClCompile Include="src\libcurl\inet_ntop.c">
      <Filter>Source Files</Filter>
    </ClCompile>
    <ClCompile Include="src\libcurl\inet_pton.c">
      <Filter>Source Files</Filter>
    </ClCompile>
    <ClCompile Include="src\libcurl\krb5.c">
      <Filter>Source Files</Filter>
    </ClCompile>
    <ClCompile Include="src\libcurl\ldap.c">
      <Filter>Source Files</Filter>
    </ClCompile>
    <ClCompile Include="src\libcurl\llist.c">
      <Filter>Source Files</Filter>
    </ClCompile>
    <ClCompile Include="src\libcurl\md4.c">
      <Filter>Source Files</Filter>
    </ClCompile>
    <ClCompile Include="src\libcurl\md5.c">
      <Filter>Source Files</Filter>
    </ClCompile>
    <ClCompile Include="src\libcurl\memdebug.c">
      <Filter>Source Files</Filter>
    </ClCompile>
    <ClCompile Include="src\libcurl\mime.c">
      <Filter>Source Files</Filter>
    </ClCompile>
    <ClCompile Include="src\libcurl\mprintf.c">
      <Filter>Source Files</Filter>
    </ClCompile>
    <ClCompile Include="src\libcurl\multi.c">
      <Filter>Source Files</Filter>
    </ClCompile>
    <ClCompile Include="src\libcurl\netrc.c">
      <Filter>Source Files</Filter>
    </ClCompile>
    <ClCompile Include="src\libcurl\non-ascii.c">
      <Filter>Source Files</Filter>
    </ClCompile>
    <ClCompile Include="src\libcurl\nonblock.c">
      <Filter>Source Files</Filter>
    </ClCompile>
    <ClCompile Include="src\libcurl\nwlib.c">
      <Filter>Source Files</Filter>
    </ClCompile>
    <ClCompile Include="src\libcurl\nwos.c">
      <Filter>Source Files</Filter>
    </ClCompile>
    <ClCompile Include="src\libcurl\openldap.c">
      <Filter>Source Files</Filter>
    </ClCompile>
    <ClCompile Include="src\libcurl\parsedate.c">
      <Filter>Source Files</Filter>
    </ClCompile>
    <ClCompile Include="src\libcurl\pingpong.c">
      <Filter>Source Files</Filter>
    </ClCompile>
    <ClCompile Include="src\libcurl\pipeline.c">
      <Filter>Source Files</Filter>
    </ClCompile>
    <ClCompile Include="src\libcurl\pop3.c">
      <Filter>Source Files</Filter>
    </ClCompile>
    <ClCompile Include="src\libcurl\progress.c">
      <Filter>Source Files</Filter>
    </ClCompile>
    <ClCompile Include="src\libcurl\psl.c">
      <Filter>Source Files</Filter>
    </ClCompile>
    <ClCompile Include="src\libcurl\rand.c">
      <Filter>Source Files</Filter>
    </ClCompile>
    <ClCompile Include="src\libcurl\rtsp.c">
      <Filter>Source Files</Filter>
    </ClCompile>
    <ClCompile Include="src\libcurl\security.c">
      <Filter>Source Files</Filter>
    </ClCompile>
    <ClCompile Include="src\libcurl\select.c">
      <Filter>Source Files</Filter>
    </ClCompile>
    <ClCompile Include="src\libcurl\sendf.c">
      <Filter>Source Files</Filter>
    </ClCompile>
    <ClCompile Include="src\libcurl\setopt.c">
      <Filter>Source Files</Filter>
    </ClCompile>
    <ClCompile Include="src\libcurl\sha256.c">
      <Filter>Source Files</Filter>
    </ClCompile>
    <ClCompile Include="src\libcurl\share.c">
      <Filter>Source Files</Filter>
    </ClCompile>
    <ClCompile Include="src\libcurl\slist.c">
      <Filter>Source Files</Filter>
    </ClCompile>
    <ClCompile Include="src\libcurl\smb.c">
      <Filter>Source Files</Filter>
    </ClCompile>
    <ClCompile Include="src\libcurl\smtp.c">
      <Filter>Source Files</Filter>
    </ClCompile>
    <ClCompile Include="src\libcurl\socks.c">
      <Filter>Source Files</Filter>
    </ClCompile>
    <ClCompile Include="src\libcurl\socks_gssapi.c">
      <Filter>Source Files</Filter>
    </ClCompile>
    <ClCompile Include="src\libcurl\socks_sspi.c">
      <Filter>Source Files</Filter>
    </ClCompile>
    <ClCompile Include="src\libcurl\speedcheck.c">
      <Filter>Source Files</Filter>
    </ClCompile>
    <ClCompile Include="src\libcurl\splay.c">
      <Filter>Source Files</Filter>
    </ClCompile>
    <ClCompile Include="src\libcurl\ssh.c">
      <Filter>Source Files</Filter>
    </ClCompile>
    <ClCompile Include="src\libcurl\ssh-libssh.c">
      <Filter>Source Files</Filter>
    </ClCompile>
    <ClCompile Include="src\libcurl\strcase.c">
      <Filter>Source Files</Filter>
    </ClCompile>
    <ClCompile Include="src\libcurl\strdup.c">
      <Filter>Source Files</Filter>
    </ClCompile>
    <ClCompile Include="src\libcurl\strerror.c">
      <Filter>Source Files</Filter>
    </ClCompile>
    <ClCompile Include="src\libcurl\strtok.c">
      <Filter>Source Files</Filter>
    </ClCompile>
    <ClCompile Include="src\libcurl\strtoofft.c">
      <Filter>Source Files</Filter>
    </ClCompile>
    <ClCompile Include="src\libcurl\system_win32.c">
      <Filter>Source Files</Filter>
    </ClCompile>
    <ClCompile Include="src\libcurl\telnet.c">
      <Filter>Source Files</Filter>
    </ClCompile>
    <ClCompile Include="src\libcurl\tftp.c">
      <Filter>Source Files</Filter>
    </ClCompile>
    <ClCompile Include="src\libcurl\timeval.c">
      <Filter>Source Files</Filter>
    </ClCompile>
    <ClCompile Include="src\libcurl\transfer.c">
      <Filter>Source Files</Filter>
    </ClCompile>
    <ClCompile Include="src\libcurl\url.c">
      <Filter>Source Files</Filter>
    </ClCompile>
    <ClCompile Include="src\libcurl\urlapi.c">
      <Filter>Source Files</Filter>
    </ClCompile>
    <ClCompile Include="src\libcurl\version.c">
      <Filter>Source Files</Filter>
    </ClCompile>
    <ClCompile Include="src\libcurl\warnless.c">
      <Filter>Source Files</Filter>
    </ClCompile>
    <ClCompile Include="src\libcurl\wildcard.c">
      <Filter>Source Files</Filter>
    </ClCompile>
    <ClCompile Include="src\libcurl\x509asn1.c">
      <Filter>Source Files</Filter>
    </ClCompile>
    <ClCompile Include="src\LCHttp.cpp">
      <Filter>Source Files</Filter>
    </ClCompile>
    <ClCompile Include="src\Base64m.cpp">
      <Filter>Source Files</Filter>
    </ClCompile>
    <ClCompile Include="src\MemsizeUtil.cpp">
      <Filter>Source Files</Filter>
    </ClCompile>
    <ClCompile Include="src\glfw\context.c">
      <Filter>Source Files</Filter>
    </ClCompile>
    <ClCompile Include="src\glfw\egl_context.c">
      <Filter>Source Files</Filter>
    </ClCompile>
    <ClCompile Include="src\glfw\init.c">
      <Filter>Source Files</Filter>
    </ClCompile>
    <ClCompile Include="src\glfw\input.c">
      <Filter>Source Files</Filter>
    </ClCompile>
    <ClCompile Include="src\glfw\monitor.c">
      <Filter>Source Files</Filter>
    </ClCompile>
    <ClCompile Include="src\glfw\vulkan.c">
      <Filter>Source Files</Filter>
    </ClCompile>
    <ClCompile Include="src\glfw\wgl_context.c">
      <Filter>Source Files</Filter>
    </ClCompile>
    <ClCompile Include="src\glfw\win32_init.c">
      <Filter>Source Files</Filter>
    </ClCompile>
    <ClCompile Include="src\glfw\win32_joystick.c">
      <Filter>Source Files</Filter>
    </ClCompile>
    <ClCompile Include="src\glfw\win32_monitor.c">
      <Filter>Source Files</Filter>
    </ClCompile>
    <ClCompile Include="src\glfw\win32_time.c">
      <Filter>Source Files</Filter>
    </ClCompile>
    <ClCompile Include="src\glfw\win32_window.c">
      <Filter>Source Files</Filter>
    </ClCompile>
    <ClCompile Include="src\glfw\window.c">
      <Filter>Source Files</Filter>
    </ClCompile>
    <ClCompile Include="src\Input2.cpp">
      <Filter>Source Files</Filter>
    </ClCompile>
    <ClCompile Include="src\glfw\win32_thread.c">
      <Filter>Source Files</Filter>
    </ClCompile>
    <ClCompile Include="src\glfw\osmesa_context.c">
      <Filter>Source Files</Filter>
    </ClCompile>
    <ClCompile Include="src\mzParser\BasicChromatogram.cpp">
      <Filter>Source Files</Filter>
    </ClCompile>
    <ClCompile Include="src\mzParser\BasicSpectrum.cpp">
      <Filter>Source Files</Filter>
    </ClCompile>
    <ClCompile Include="src\mzParser\Czran.cpp">
      <Filter>Source Files</Filter>
    </ClCompile>
    <ClCompile Include="src\mzParser\MSNumpress.cpp">
      <Filter>Source Files</Filter>
    </ClCompile>
    <ClCompile Include="src\mzParser\mz5handler.cpp">
      <Filter>Source Files</Filter>
    </ClCompile>
    <ClCompile Include="src\mzParser\mzp_base64.cpp">
      <Filter>Source Files</Filter>
    </ClCompile>
    <ClCompile Include="src\mzParser\mzpMz5Config.cpp">
      <Filter>Source Files</Filter>
    </ClCompile>
    <ClCompile Include="src\mzParser\mzpMz5Structs.cpp">
      <Filter>Source Files</Filter>
    </ClCompile>
    <ClCompile Include="src\mzParser\PWIZface.cpp">
      <Filter>Source Files</Filter>
    </ClCompile>
    <ClCompile Include="src\mzParser\RAMPface.cpp">
      <Filter>Source Files</Filter>
    </ClCompile>
    <ClCompile Include="src\mzParser\saxhandler.cpp">
      <Filter>Source Files</Filter>
    </ClCompile>
    <ClCompile Include="src\mzParser\saxmzmlhandler.cpp">
      <Filter>Source Files</Filter>
    </ClCompile>
    <ClCompile Include="src\mzParser\saxmzxmlhandler.cpp">
      <Filter>Source Files</Filter>
    </ClCompile>
    <ClCompile Include="src\mzParser\mzParser.cpp">
      <Filter>Source Files</Filter>
    </ClCompile>
    <ClCompile Include="src\expat-2.2.0\xmlparse.c">
      <Filter>Source Files</Filter>
    </ClCompile>
    <ClCompile Include="src\expat-2.2.0\xmlrole.c">
      <Filter>Source Files</Filter>
    </ClCompile>
    <ClCompile Include="src\expat-2.2.0\xmltok.c">
      <Filter>Source Files</Filter>
    </ClCompile>
    <ClCompile Include="src\expat-2.2.0\xmltok_impl.c">
      <Filter>Source Files</Filter>
    </ClCompile>
    <ClCompile Include="src\expat-2.2.0\xmltok_ns.c">
      <Filter>Source Files</Filter>
    </ClCompile>
    <ClCompile Include="src\MzmlLoader2.cpp">
      <Filter>Source Files</Filter>
    </ClCompile>
    <ClCompile Include="src\SafeQueue.cpp">
      <Filter>Source Files</Filter>
    </ClCompile>
  </ItemGroup>
  <ItemGroup>
    <ClInclude Include="src\imgui\imgui_internal.h">
      <Filter>Source Files</Filter>
    </ClInclude>
    <ClInclude Include="src\imgui\imstb_rectpack.h">
      <Filter>Source Files</Filter>
    </ClInclude>
    <ClInclude Include="src\imgui\imstb_textedit.h">
      <Filter>Source Files</Filter>
    </ClInclude>
    <ClInclude Include="src\imgui\imstb_truetype.h">
      <Filter>Source Files</Filter>
    </ClInclude>
    <ClInclude Include="src\imgui\imgui_impl_glfw.h">
      <Filter>Source Files</Filter>
    </ClInclude>
    <ClInclude Include="src\imgui\imgui_impl_opengl3.h">
      <Filter>Source Files</Filter>
    </ClInclude>
    <ClInclude Include="src\imgui\imconfig.h">
      <Filter>Source Files</Filter>
    </ClInclude>
    <ClInclude Include="src\imgui\imgui.h">
      <Filter>Source Files</Filter>
    </ClInclude>
    <ClInclude Include="src\Landscape.h">
      <Filter>Source Files</Filter>
    </ClInclude>
    <ClInclude Include="src\Tile.h">
      <Filter>Source Files</Filter>
    </ClInclude>
    <ClInclude Include="src\MZData.h">
      <Filter>Source Files</Filter>
    </ClInclude>
    <ClInclude Include="src\GLDraw.h">
      <Filter>Source Files</Filter>
    </ClInclude>
    <ClInclude Include="src\MZScan.h">
      <Filter>Source Files</Filter>
    </ClInclude>
    <ClInclude Include="src\Mesh.h">
      <Filter>Source Files</Filter>
    </ClInclude>
    <ClInclude Include="src\Structs.h">
      <Filter>Source Files</Filter>
    </ClInclude>
    <ClInclude Include="src\GLMesh.h">
      <Filter>Source Files</Filter>
    </ClInclude>
    <ClInclude Include="src\MZLoader.h">
      <Filter>Source Files</Filter>
    </ClInclude>
    <ClInclude Include="src\MzmlLoader.h">
      <Filter>Source Files</Filter>
    </ClInclude>
    <ClInclude Include="src\MZLoaderHandle.h">
      <Filter>Source Files</Filter>
    </ClInclude>
    <ClInclude Include="src\GLDataRender.h">
      <Filter>Source Files</Filter>
    </ClInclude>
    <ClInclude Include="src\GLTextureID.h">
      <Filter>Source Files</Filter>
    </ClInclude>
    <ClInclude Include="src\texture.hpp">
      <Filter>Source Files</Filter>
    </ClInclude>
    <ClInclude Include="src\shader.hpp">
      <Filter>Source Files</Filter>
    </ClInclude>
    <ClInclude Include="src\SampleLoader.h">
      <Filter>Header Files</Filter>
    </ClInclude>
    <ClInclude Include="src\MZDataInfo.h">
      <Filter>Header Files</Filter>
    </ClInclude>
    <ClInclude Include="src\Fader.h">
      <Filter>Header Files</Filter>
    </ClInclude>
    <ClInclude Include="src\dirent_portable.h">
      <Filter>Header Files</Filter>
    </ClInclude>
    <ClInclude Include="src\ImGuiFileDialog.h">
      <Filter>Header Files</Filter>
    </ClInclude>
    <ClInclude Include="src\Settings.h">
      <Filter>Header Files</Filter>
    </ClInclude>
    <ClInclude Include="src\Globals.h">
      <Filter>Header Files</Filter>
    </ClInclude>
    <ClInclude Include="src\Utils.h">
      <Filter>Header Files</Filter>
    </ClInclude>
    <ClInclude Include="src\gui.h">
      <Filter>Header Files</Filter>
    </ClInclude>
    <ClInclude Include="src\Camera.h">
      <Filter>Header Files</Filter>
    </ClInclude>
    <ClInclude Include="src\Error.h">
      <Filter>Header Files</Filter>
    </ClInclude>
    <ClInclude Include="src\RawReader.h">
      <Filter>Header Files</Filter>
    </ClInclude>
    <ClInclude Include="src\Spectrum.h">
      <Filter>Header Files</Filter>
    </ClInclude>
    <ClInclude Include="src\MSToolkitTypes.h">
      <Filter>Header Files</Filter>
    </ClInclude>
    <ClInclude Include="src\RawLoader.h">
      <Filter>Header Files</Filter>
    </ClInclude>
    <ClInclude Include="src\Zip.h">
      <Filter>Header Files</Filter>
    </ClInclude>
    <ClInclude Include="src\Annotations.h">
      <Filter>Header Files</Filter>
    </ClInclude>
    <ClInclude Include="src\simdb.hpp">
      <Filter>Header Files</Filter>
    </ClInclude>
    <ClInclude Include="src\Render.h">
      <Filter>Header Files</Filter>
    </ClInclude>
    <ClInclude Include="src\Cache.h">
      <Filter>Header Files</Filter>
    </ClInclude>
    <ClInclude Include="src\Builder.h">
      <Filter>Header Files</Filter>
    </ClInclude>
    <ClInclude Include="src\ConcurrentMap.h">
      <Filter>Header Files</Filter>
    </ClInclude>
    <ClInclude Include="src\zlib\crc32.h">
      <Filter>Header Files</Filter>
    </ClInclude>
    <ClInclude Include="src\zlib\deflate.h">
      <Filter>Header Files</Filter>
    </ClInclude>
    <ClInclude Include="src\zlib\gzguts.h">
      <Filter>Header Files</Filter>
    </ClInclude>
    <ClInclude Include="src\zlib\inffast.h">
      <Filter>Header Files</Filter>
    </ClInclude>
    <ClInclude Include="src\zlib\inffixed.h">
      <Filter>Header Files</Filter>
    </ClInclude>
    <ClInclude Include="src\zlib\inflate.h">
      <Filter>Header Files</Filter>
    </ClInclude>
    <ClInclude Include="src\zlib\inftrees.h">
      <Filter>Header Files</Filter>
    </ClInclude>
    <ClInclude Include="src\zlib\trees.h">
      <Filter>Header Files</Filter>
    </ClInclude>
    <ClInclude Include="src\zlib\zconf.h">
      <Filter>Header Files</Filter>
    </ClInclude>
    <ClInclude Include="src\zlib\zlib.h">
      <Filter>Header Files</Filter>
    </ClInclude>
    <ClInclude Include="src\zlib\zutil.h">
      <Filter>Header Files</Filter>
    </ClInclude>
    <ClInclude Include="src\gl3w\gl3w.h">
      <Filter>Header Files</Filter>
    </ClInclude>
    <ClInclude Include="src\gl3w\glcorearb.h">
      <Filter>Header Files</Filter>
    </ClInclude>
    <ClInclude Include="src\gl3w\KHR\khrplatform.h">
      <Filter>Header Files</Filter>
    </ClInclude>
    <ClInclude Include="src\libcurl\vauth\digest.h">
      <Filter>Header Files</Filter>
    </ClInclude>
    <ClInclude Include="src\libcurl\vauth\ntlm.h">
      <Filter>Header Files</Filter>
    </ClInclude>
    <ClInclude Include="src\libcurl\vauth\vauth.h">
      <Filter>Header Files</Filter>
    </ClInclude>
    <ClInclude Include="src\libcurl\vtls\cyassl.h">
      <Filter>Header Files</Filter>
    </ClInclude>
    <ClInclude Include="src\libcurl\vtls\gskit.h">
      <Filter>Header Files</Filter>
    </ClInclude>
    <ClInclude Include="src\libcurl\vtls\gtls.h">
      <Filter>Header Files</Filter>
    </ClInclude>
    <ClInclude Include="src\libcurl\vtls\mbedtls.h">
      <Filter>Header Files</Filter>
    </ClInclude>
    <ClInclude Include="src\libcurl\vtls\mesalink.h">
      <Filter>Header Files</Filter>
    </ClInclude>
    <ClInclude Include="src\libcurl\vtls\nssg.h">
      <Filter>Header Files</Filter>
    </ClInclude>
    <ClInclude Include="src\libcurl\vtls\openssl.h">
      <Filter>Header Files</Filter>
    </ClInclude>
    <ClInclude Include="src\libcurl\vtls\polarssl.h">
      <Filter>Header Files</Filter>
    </ClInclude>
    <ClInclude Include="src\libcurl\vtls\polarssl_threadlock.h">
      <Filter>Header Files</Filter>
    </ClInclude>
    <ClInclude Include="src\libcurl\vtls\schannel.h">
      <Filter>Header Files</Filter>
    </ClInclude>
    <ClInclude Include="src\libcurl\vtls\sectransp.h">
      <Filter>Header Files</Filter>
    </ClInclude>
    <ClInclude Include="src\libcurl\vtls\vtls.h">
      <Filter>Header Files</Filter>
    </ClInclude>
    <ClInclude Include="src\libcurl\altsvc.h">
      <Filter>Header Files</Filter>
    </ClInclude>
    <ClInclude Include="src\libcurl\amigaos.h">
      <Filter>Header Files</Filter>
    </ClInclude>
    <ClInclude Include="src\libcurl\arpa_telnet.h">
      <Filter>Header Files</Filter>
    </ClInclude>
    <ClInclude Include="src\libcurl\asyn.h">
      <Filter>Header Files</Filter>
    </ClInclude>
    <ClInclude Include="src\libcurl\config-amigaos.h">
      <Filter>Header Files</Filter>
    </ClInclude>
    <ClInclude Include="src\libcurl\config-dos.h">
      <Filter>Header Files</Filter>
    </ClInclude>
    <ClInclude Include="src\libcurl\config-mac.h">
      <Filter>Header Files</Filter>
    </ClInclude>
    <ClInclude Include="src\libcurl\config-os400.h">
      <Filter>Header Files</Filter>
    </ClInclude>
    <ClInclude Include="src\libcurl\config-riscos.h">
      <Filter>Header Files</Filter>
    </ClInclude>
    <ClInclude Include="src\libcurl\config-symbian.h">
      <Filter>Header Files</Filter>
    </ClInclude>
    <ClInclude Include="src\libcurl\config-tpf.h">
      <Filter>Header Files</Filter>
    </ClInclude>
    <ClInclude Include="src\libcurl\config-vxworks.h">
      <Filter>Header Files</Filter>
    </ClInclude>
    <ClInclude Include="src\libcurl\config-win32.h">
      <Filter>Header Files</Filter>
    </ClInclude>
    <ClInclude Include="src\libcurl\config-win32ce.h">
      <Filter>Header Files</Filter>
    </ClInclude>
    <ClInclude Include="src\libcurl\conncache.h">
      <Filter>Header Files</Filter>
    </ClInclude>
    <ClInclude Include="src\libcurl\connect.h">
      <Filter>Header Files</Filter>
    </ClInclude>
    <ClInclude Include="src\libcurl\content_encoding.h">
      <Filter>Header Files</Filter>
    </ClInclude>
    <ClInclude Include="src\libcurl\cookie.h">
      <Filter>Header Files</Filter>
    </ClInclude>
    <ClInclude Include="src\libcurl\curl_addrinfo.h">
      <Filter>Header Files</Filter>
    </ClInclude>
    <ClInclude Include="src\libcurl\curl_base64.h">
      <Filter>Header Files</Filter>
    </ClInclude>
    <ClInclude Include="src\libcurl\curl_ctype.h">
      <Filter>Header Files</Filter>
    </ClInclude>
    <ClInclude Include="src\libcurl\curl_des.h">
      <Filter>Header Files</Filter>
    </ClInclude>
    <ClInclude Include="src\libcurl\curl_endian.h">
      <Filter>Header Files</Filter>
    </ClInclude>
    <ClInclude Include="src\libcurl\curl_fnmatch.h">
      <Filter>Header Files</Filter>
    </ClInclude>
    <ClInclude Include="src\libcurl\curl_gethostname.h">
      <Filter>Header Files</Filter>
    </ClInclude>
    <ClInclude Include="src\libcurl\curl_gssapi.h">
      <Filter>Header Files</Filter>
    </ClInclude>
    <ClInclude Include="src\libcurl\curl_hmac.h">
      <Filter>Header Files</Filter>
    </ClInclude>
    <ClInclude Include="src\libcurl\curl_ldap.h">
      <Filter>Header Files</Filter>
    </ClInclude>
    <ClInclude Include="src\libcurl\curl_md4.h">
      <Filter>Header Files</Filter>
    </ClInclude>
    <ClInclude Include="src\libcurl\curl_md5.h">
      <Filter>Header Files</Filter>
    </ClInclude>
    <ClInclude Include="src\libcurl\curl_memory.h">
      <Filter>Header Files</Filter>
    </ClInclude>
    <ClInclude Include="src\libcurl\curl_memrchr.h">
      <Filter>Header Files</Filter>
    </ClInclude>
    <ClInclude Include="src\libcurl\curl_multibyte.h">
      <Filter>Header Files</Filter>
    </ClInclude>
    <ClInclude Include="src\libcurl\curl_ntlm_core.h">
      <Filter>Header Files</Filter>
    </ClInclude>
    <ClInclude Include="src\libcurl\curl_ntlm_wb.h">
      <Filter>Header Files</Filter>
    </ClInclude>
    <ClInclude Include="src\libcurl\curl_path.h">
      <Filter>Header Files</Filter>
    </ClInclude>
    <ClInclude Include="src\libcurl\curl_printf.h">
      <Filter>Header Files</Filter>
    </ClInclude>
    <ClInclude Include="src\libcurl\curl_range.h">
      <Filter>Header Files</Filter>
    </ClInclude>
    <ClInclude Include="src\libcurl\curl_rtmp.h">
      <Filter>Header Files</Filter>
    </ClInclude>
    <ClInclude Include="src\libcurl\curl_sasl.h">
      <Filter>Header Files</Filter>
    </ClInclude>
    <ClInclude Include="src\libcurl\curl_sec.h">
      <Filter>Header Files</Filter>
    </ClInclude>
    <ClInclude Include="src\libcurl\curl_setup.h">
      <Filter>Header Files</Filter>
    </ClInclude>
    <ClInclude Include="src\libcurl\curl_setup_once.h">
      <Filter>Header Files</Filter>
    </ClInclude>
    <ClInclude Include="src\libcurl\curl_sha256.h">
      <Filter>Header Files</Filter>
    </ClInclude>
    <ClInclude Include="src\libcurl\curl_sspi.h">
      <Filter>Header Files</Filter>
    </ClInclude>
    <ClInclude Include="src\libcurl\curl_threads.h">
      <Filter>Header Files</Filter>
    </ClInclude>
    <ClInclude Include="src\libcurl\curlx.h">
      <Filter>Header Files</Filter>
    </ClInclude>
    <ClInclude Include="src\libcurl\dict.h">
      <Filter>Header Files</Filter>
    </ClInclude>
    <ClInclude Include="src\libcurl\doh.h">
      <Filter>Header Files</Filter>
    </ClInclude>
    <ClInclude Include="src\libcurl\dotdot.h">
      <Filter>Header Files</Filter>
    </ClInclude>
    <ClInclude Include="src\libcurl\easyif.h">
      <Filter>Header Files</Filter>
    </ClInclude>
    <ClInclude Include="src\libcurl\escape.h">
      <Filter>Header Files</Filter>
    </ClInclude>
    <ClInclude Include="src\libcurl\file.h">
      <Filter>Header Files</Filter>
    </ClInclude>
    <ClInclude Include="src\libcurl\fileinfo.h">
      <Filter>Header Files</Filter>
    </ClInclude>
    <ClInclude Include="src\libcurl\formdata.h">
      <Filter>Header Files</Filter>
    </ClInclude>
    <ClInclude Include="src\libcurl\ftp.h">
      <Filter>Header Files</Filter>
    </ClInclude>
    <ClInclude Include="src\libcurl\ftplistparser.h">
      <Filter>Header Files</Filter>
    </ClInclude>
    <ClInclude Include="src\libcurl\getinfo.h">
      <Filter>Header Files</Filter>
    </ClInclude>
    <ClInclude Include="src\libcurl\gopher.h">
      <Filter>Header Files</Filter>
    </ClInclude>
    <ClInclude Include="src\libcurl\hash.h">
      <Filter>Header Files</Filter>
    </ClInclude>
    <ClInclude Include="src\libcurl\hostcheck.h">
      <Filter>Header Files</Filter>
    </ClInclude>
    <ClInclude Include="src\libcurl\hostip.h">
      <Filter>Header Files</Filter>
    </ClInclude>
    <ClInclude Include="src\libcurl\http.h">
      <Filter>Header Files</Filter>
    </ClInclude>
    <ClInclude Include="src\libcurl\http_chunks.h">
      <Filter>Header Files</Filter>
    </ClInclude>
    <ClInclude Include="src\libcurl\http_digest.h">
      <Filter>Header Files</Filter>
    </ClInclude>
    <ClInclude Include="src\libcurl\http_negotiate.h">
      <Filter>Header Files</Filter>
    </ClInclude>
    <ClInclude Include="src\libcurl\http_ntlm.h">
      <Filter>Header Files</Filter>
    </ClInclude>
    <ClInclude Include="src\libcurl\http_proxy.h">
      <Filter>Header Files</Filter>
    </ClInclude>
    <ClInclude Include="src\libcurl\http2.h">
      <Filter>Header Files</Filter>
    </ClInclude>
    <ClInclude Include="src\libcurl\if2ip.h">
      <Filter>Header Files</Filter>
    </ClInclude>
    <ClInclude Include="src\libcurl\imap.h">
      <Filter>Header Files</Filter>
    </ClInclude>
    <ClInclude Include="src\libcurl\inet_ntop.h">
      <Filter>Header Files</Filter>
    </ClInclude>
    <ClInclude Include="src\libcurl\inet_pton.h">
      <Filter>Header Files</Filter>
    </ClInclude>
    <ClInclude Include="src\libcurl\llist.h">
      <Filter>Header Files</Filter>
    </ClInclude>
    <ClInclude Include="src\libcurl\memdebug.h">
      <Filter>Header Files</Filter>
    </ClInclude>
    <ClInclude Include="src\libcurl\mime.h">
      <Filter>Header Files</Filter>
    </ClInclude>
    <ClInclude Include="src\libcurl\multihandle.h">
      <Filter>Header Files</Filter>
    </ClInclude>
    <ClInclude Include="src\libcurl\multiif.h">
      <Filter>Header Files</Filter>
    </ClInclude>
    <ClInclude Include="src\libcurl\netrc.h">
      <Filter>Header Files</Filter>
    </ClInclude>
    <ClInclude Include="src\libcurl\non-ascii.h">
      <Filter>Header Files</Filter>
    </ClInclude>
    <ClInclude Include="src\libcurl\nonblock.h">
      <Filter>Header Files</Filter>
    </ClInclude>
    <ClInclude Include="src\libcurl\parsedate.h">
      <Filter>Header Files</Filter>
    </ClInclude>
    <ClInclude Include="src\libcurl\pingpong.h">
      <Filter>Header Files</Filter>
    </ClInclude>
    <ClInclude Include="src\libcurl\pipeline.h">
      <Filter>Header Files</Filter>
    </ClInclude>
    <ClInclude Include="src\libcurl\pop3.h">
      <Filter>Header Files</Filter>
    </ClInclude>
    <ClInclude Include="src\libcurl\progress.h">
      <Filter>Header Files</Filter>
    </ClInclude>
    <ClInclude Include="src\libcurl\psl.h">
      <Filter>Header Files</Filter>
    </ClInclude>
    <ClInclude Include="src\libcurl\rand.h">
      <Filter>Header Files</Filter>
    </ClInclude>
    <ClInclude Include="src\libcurl\rtsp.h">
      <Filter>Header Files</Filter>
    </ClInclude>
    <ClInclude Include="src\libcurl\select.h">
      <Filter>Header Files</Filter>
    </ClInclude>
    <ClInclude Include="src\libcurl\sendf.h">
      <Filter>Header Files</Filter>
    </ClInclude>
    <ClInclude Include="src\libcurl\setopt.h">
      <Filter>Header Files</Filter>
    </ClInclude>
    <ClInclude Include="src\libcurl\setup-os400.h">
      <Filter>Header Files</Filter>
    </ClInclude>
    <ClInclude Include="src\libcurl\setup-vms.h">
      <Filter>Header Files</Filter>
    </ClInclude>
    <ClInclude Include="src\libcurl\share.h">
      <Filter>Header Files</Filter>
    </ClInclude>
    <ClInclude Include="src\libcurl\sigpipe.h">
      <Filter>Header Files</Filter>
    </ClInclude>
    <ClInclude Include="src\libcurl\slist.h">
      <Filter>Header Files</Filter>
    </ClInclude>
    <ClInclude Include="src\libcurl\smb.h">
      <Filter>Header Files</Filter>
    </ClInclude>
    <ClInclude Include="src\libcurl\smtp.h">
      <Filter>Header Files</Filter>
    </ClInclude>
    <ClInclude Include="src\libcurl\sockaddr.h">
      <Filter>Header Files</Filter>
    </ClInclude>
    <ClInclude Include="src\libcurl\socks.h">
      <Filter>Header Files</Filter>
    </ClInclude>
    <ClInclude Include="src\libcurl\speedcheck.h">
      <Filter>Header Files</Filter>
    </ClInclude>
    <ClInclude Include="src\libcurl\splay.h">
      <Filter>Header Files</Filter>
    </ClInclude>
    <ClInclude Include="src\libcurl\ssh.h">
      <Filter>Header Files</Filter>
    </ClInclude>
    <ClInclude Include="src\libcurl\strcase.h">
      <Filter>Header Files</Filter>
    </ClInclude>
    <ClInclude Include="src\libcurl\strdup.h">
      <Filter>Header Files</Filter>
    </ClInclude>
    <ClInclude Include="src\libcurl\strerror.h">
      <Filter>Header Files</Filter>
    </ClInclude>
    <ClInclude Include="src\libcurl\strtok.h">
      <Filter>Header Files</Filter>
    </ClInclude>
    <ClInclude Include="src\libcurl\strtoofft.h">
      <Filter>Header Files</Filter>
    </ClInclude>
    <ClInclude Include="src\libcurl\system_win32.h">
      <Filter>Header Files</Filter>
    </ClInclude>
    <ClInclude Include="src\libcurl\telnet.h">
      <Filter>Header Files</Filter>
    </ClInclude>
    <ClInclude Include="src\libcurl\tftp.h">
      <Filter>Header Files</Filter>
    </ClInclude>
    <ClInclude Include="src\libcurl\timeval.h">
      <Filter>Header Files</Filter>
    </ClInclude>
    <ClInclude Include="src\libcurl\transfer.h">
      <Filter>Header Files</Filter>
    </ClInclude>
    <ClInclude Include="src\libcurl\url.h">
      <Filter>Header Files</Filter>
    </ClInclude>
    <ClInclude Include="src\libcurl\urlapi-int.h">
      <Filter>Header Files</Filter>
    </ClInclude>
    <ClInclude Include="src\libcurl\urldata.h">
      <Filter>Header Files</Filter>
    </ClInclude>
    <ClInclude Include="src\libcurl\warnless.h">
      <Filter>Header Files</Filter>
    </ClInclude>
    <ClInclude Include="src\libcurl\wildcard.h">
      <Filter>Header Files</Filter>
    </ClInclude>
    <ClInclude Include="src\libcurl\x509asn1.h">
      <Filter>Header Files</Filter>
    </ClInclude>
    <ClInclude Include="src\curlinc\curl\curl.h">
      <Filter>Header Files</Filter>
    </ClInclude>
    <ClInclude Include="src\curlinc\curl\curlver.h">
      <Filter>Header Files</Filter>
    </ClInclude>
    <ClInclude Include="src\curlinc\curl\easy.h">
      <Filter>Header Files</Filter>
    </ClInclude>
    <ClInclude Include="src\curlinc\curl\mprintf.h">
      <Filter>Header Files</Filter>
    </ClInclude>
    <ClInclude Include="src\curlinc\curl\multi.h">
      <Filter>Header Files</Filter>
    </ClInclude>
    <ClInclude Include="src\curlinc\curl\stdcheaders.h">
      <Filter>Header Files</Filter>
    </ClInclude>
    <ClInclude Include="src\curlinc\curl\system.h">
      <Filter>Header Files</Filter>
    </ClInclude>
    <ClInclude Include="src\curlinc\curl\typecheck-gcc.h">
      <Filter>Header Files</Filter>
    </ClInclude>
    <ClInclude Include="src\curlinc\curl\urlapi.h">
      <Filter>Header Files</Filter>
    </ClInclude>
    <ClInclude Include="src\LCHttp.h">
      <Filter>Header Files</Filter>
    </ClInclude>
    <ClInclude Include="src\Base64m.h">
      <Filter>Source Files</Filter>
    </ClInclude>
    <ClInclude Include="src\MemsizeUtil.h">
      <Filter>Header Files</Filter>
    </ClInclude>
    <ClInclude Include="src\SystemSetup.h">
      <Filter>Header Files</Filter>
    </ClInclude>
    <ClInclude Include="src\glfw\egl_context.h">
      <Filter>Header Files</Filter>
    </ClInclude>
    <ClInclude Include="src\glfw\glfw_config.h">
      <Filter>Header Files</Filter>
    </ClInclude>
    <ClInclude Include="src\glfw\internal.h">
      <Filter>Header Files</Filter>
    </ClInclude>
    <ClInclude Include="src\glfw\wgl_context.h">
      <Filter>Header Files</Filter>
    </ClInclude>
    <ClInclude Include="src\glfw\win32_joystick.h">
      <Filter>Header Files</Filter>
    </ClInclude>
    <ClInclude Include="src\glfw\win32_platform.h">
      <Filter>Header Files</Filter>
    </ClInclude>
    <ClInclude Include="src\glfw\include\glfw3.h">
      <Filter>Header Files</Filter>
    </ClInclude>
    <ClInclude Include="src\glfw\include\glfw3native.h">
      <Filter>Header Files</Filter>
    </ClInclude>
    <ClInclude Include="src\Input2.h">
      <Filter>Header Files</Filter>
    </ClInclude>
    <ClInclude Include="src\MzmlLoader2.h">
      <Filter>Header Files</Filter>
    </ClInclude>
    <ClInclude Include="src\SafeQueue.h">
      <Filter>Header Files</Filter>
    </ClInclude>
    <ClInclude Include="resource.h">
      <Filter>Header Files</Filter>
    </ClInclude>
  </ItemGroup>
  <ItemGroup>
    <Text Include="files\Geometry.txt" />
  </ItemGroup>
</Project>