Microsoft Visual Studio Solution File, Format Version 12.00
# Visual Studio 16
Project("{2150E333-8FDC-42A3-9474-1A3956D46DE8}") = "CMakePredefinedTargets", "CMakePredefinedTargets", "{137B9013-AF6C-3223-97C0-B80F1FFC778F}"
EndProject
Project("{2150E333-8FDC-42A3-9474-1A3956D46DE8}") = "GLFW3", "GLFW3", "{9CF6849B-63E2-3FAD-92A2-0F5F8C3D73F9}"
EndProject
Project("{2150E333-8FDC-42A3-9474-1A3956D46DE8}") = "Examples", "GLFW3\Examples", "{92E94C65-E8C4-3D80-9DBD-76D1513AD63C}"
EndProject
Project("{2150E333-8FDC-42A3-9474-1A3956D46DE8}") = "Tests", "GLFW3\Tests", "{1A1C203B-D24E-31DA-8B8B-97CD0E16DAFC}"
EndProject
Project("{8BC9CEB8-8B4A-11D0-8D11-00A0C91BC942}") = "ALL_BUILD", "ALL_BUILD.vcxproj", "{7E820380-AC51-3948-9D8D-1E68E0D28E6D}"
	ProjectSection(ProjectDependencies) = postProject
		{B5838274-CBC0-3E73-B335-2C75537A557A} = {B5838274-CBC0-3E73-B335-2C75537A557A}
		{D7B72909-C220-3F15-91D1-0FF0EF056AD8} = {D7B72909-C220-3F15-91D1-0FF0EF056AD8}
		{34538EA9-8C29-3F00-AB26-68DC9E94BAF8} = {34538EA9-8C29-3F00-AB26-68DC9E94BAF8}
		{34FB0234-E2CD-3572-A7E2-1D40E7CED51F} = {34FB0234-E2CD-3572-A7E2-1D40E7CED51F}
		{67C826B3-0E6D-38EC-B68A-2D49A949C9A0} = {67C826B3-0E6D-38EC-B68A-2D49A949C9A0}
		{707CC640-CCFE-3349-AD6C-F9FB84FDEA77} = {707CC640-CCFE-3349-AD6C-F9FB84FDEA77}
		{42AFBADA-90FA-3E83-84A5-4D02305E5A53} = {42AFBADA-90FA-3E83-84A5-4D02305E5A53}
		{DC4CB0DE-D947-377A-B8FE-F1B97128912F} = {DC4CB0DE-D947-377A-B8FE-F1B97128912F}
		{3E07489F-AC1C-3E6D-AA34-B8B66CB4BCAE} = {3E07489F-AC1C-3E6D-AA34-B8B66CB4BCAE}
		{E07AB3E3-AEE1-3A99-A57A-ABD97AC1C0C9} = {E07AB3E3-AEE1-3A99-A57A-ABD97AC1C0C9}
		{7A5D0729-0A0A-3A6E-AB49-EAF5068E1766} = {7A5D0729-0A0A-3A6E-AB49-EAF5068E1766}
		{018D6528-6FE0-3D7B-9935-DC72C5AA7689} = {018D6528-6FE0-3D7B-9935-DC72C5AA7689}
		{8876F757-8DDA-3FB1-8971-A80304CD59DA} = {8876F757-8DDA-3FB1-8971-A80304CD59DA}
		{ED81E5DF-79EA-3A5A-B63E-AC261FBA92D7} = {ED81E5DF-79EA-3A5A-B63E-AC261FBA92D7}
		{2909688C-B5EA-315C-95F0-3955123B6A44} = {2909688C-B5EA-315C-95F0-3955123B6A44}
		{23467264-605F-30D4-A216-1E171D10235D} = {23467264-605F-30D4-A216-1E171D10235D}
		{469E8E7B-EAB6-37CA-B41E-A1F7A0C7ACDD} = {469E8E7B-EAB6-37CA-B41E-A1F7A0C7ACDD}
		{558B0493-BEE5-329F-BF83-9C474A041680} = {558B0493-BEE5-329F-BF83-9C474A041680}
		{6C97075A-4208-3A28-B865-EA11F9C22594} = {6C97075A-4208-3A28-B865-EA11F9C22594}
		{85E6A8F5-F409-3624-9AF1-9391F9ADBFD9} = {85E6A8F5-F409-3624-9AF1-9391F9ADBFD9}
		{61592BD4-8134-3F71-86C3-DA2A3FB9F700} = {61592BD4-8134-3F71-86C3-DA2A3FB9F700}
		{B975FFF2-7BE5-3BD6-8807-A9263F133420} = {B975FFF2-7BE5-3BD6-8807-A9263F133420}
		{741BEA17-C89E-346E-AC4C-D488ECC88607} = {741BEA17-C89E-346E-AC4C-D488ECC88607}
		{81B793DA-F0EC-395A-B1AA-E35E6A0AB2A0} = {81B793DA-F0EC-395A-B1AA-E35E6A0AB2A0}
		{C2DEEDEE-9A15-3302-838D-A1D8770224C0} = {C2DEEDEE-9A15-3302-838D-A1D8770224C0}
		{7B15A3B7-2D02-39C7-BF8E-9ED71ECDE7DA} = {7B15A3B7-2D02-39C7-BF8E-9ED71ECDE7DA}
		{23C3CA66-4F1D-3F91-A307-5369825E7406} = {23C3CA66-4F1D-3F91-A307-5369825E7406}
		{E99075E9-F634-3C32-AD4F-3AFBDF5E4583} = {E99075E9-F634-3C32-AD4F-3AFBDF5E4583}
		{BFAD554E-CD3D-3341-A510-D5CA7D1C9AE6} = {BFAD554E-CD3D-3341-A510-D5CA7D1C9AE6}
		{F274ED6E-ADF2-3025-8840-E8B6B6582718} = {F274ED6E-ADF2-3025-8840-E8B6B6582718}
		{84D0FDDB-7BCD-32C4-952B-BFD97D87CF0D} = {84D0FDDB-7BCD-32C4-952B-BFD97D87CF0D}
	EndProjectSection
EndProject
Project("{8BC9CEB8-8B4A-11D0-8D11-00A0C91BC942}") = "INSTALL", "INSTALL.vcxproj", "{CDEA7DE1-D485-3D9F-A65E-AA9E00F7843B}"
	ProjectSection(ProjectDependencies) = postProject
		{7E820380-AC51-3948-9D8D-1E68E0D28E6D} = {7E820380-AC51-3948-9D8D-1E68E0D28E6D}
		{B5838274-CBC0-3E73-B335-2C75537A557A} = {B5838274-CBC0-3E73-B335-2C75537A557A}
	EndProjectSection
EndProject
Project("{8BC9CEB8-8B4A-11D0-8D11-00A0C91BC942}") = "ZERO_CHECK", "ZERO_CHECK.vcxproj", "{B5838274-CBC0-3E73-B335-2C75537A557A}"
	ProjectSection(ProjectDependencies) = postProject
	EndProjectSection
EndProject
Project("{8BC9CEB8-8B4A-11D0-8D11-00A0C91BC942}") = "boing", "examples\boing.vcxproj", "{D7B72909-C220-3F15-91D1-0FF0EF056AD8}"
	ProjectSection(ProjectDependencies) = postProject
		{B5838274-CBC0-3E73-B335-2C75537A557A} = {B5838274-CBC0-3E73-B335-2C75537A557A}
		{3E07489F-AC1C-3E6D-AA34-B8B66CB4BCAE} = {3E07489F-AC1C-3E6D-AA34-B8B66CB4BCAE}
	EndProjectSection
EndProject
Project("{8BC9CEB8-8B4A-11D0-8D11-00A0C91BC942}") = "clipboard", "tests\clipboard.vcxproj", "{34538EA9-8C29-3F00-AB26-68DC9E94BAF8}"
	ProjectSection(ProjectDependencies) = postProject
		{B5838274-CBC0-3E73-B335-2C75537A557A} = {B5838274-CBC0-3E73-B335-2C75537A557A}
		{3E07489F-AC1C-3E6D-AA34-B8B66CB4BCAE} = {3E07489F-AC1C-3E6D-AA34-B8B66CB4BCAE}
	EndProjectSection
EndProject
Project("{8BC9CEB8-8B4A-11D0-8D11-00A0C91BC942}") = "cursor", "tests\cursor.vcxproj", "{34FB0234-E2CD-3572-A7E2-1D40E7CED51F}"
	ProjectSection(ProjectDependencies) = postProject
		{B5838274-CBC0-3E73-B335-2C75537A557A} = {B5838274-CBC0-3E73-B335-2C75537A557A}
		{3E07489F-AC1C-3E6D-AA34-B8B66CB4BCAE} = {3E07489F-AC1C-3E6D-AA34-B8B66CB4BCAE}
	EndProjectSection
EndProject
Project("{8BC9CEB8-8B4A-11D0-8D11-00A0C91BC942}") = "empty", "tests\empty.vcxproj", "{67C826B3-0E6D-38EC-B68A-2D49A949C9A0}"
	ProjectSection(ProjectDependencies) = postProject
		{B5838274-CBC0-3E73-B335-2C75537A557A} = {B5838274-CBC0-3E73-B335-2C75537A557A}
		{3E07489F-AC1C-3E6D-AA34-B8B66CB4BCAE} = {3E07489F-AC1C-3E6D-AA34-B8B66CB4BCAE}
	EndProjectSection
EndProject
Project("{8BC9CEB8-8B4A-11D0-8D11-00A0C91BC942}") = "events", "tests\events.vcxproj", "{707CC640-CCFE-3349-AD6C-F9FB84FDEA77}"
	ProjectSection(ProjectDependencies) = postProject
		{B5838274-CBC0-3E73-B335-2C75537A557A} = {B5838274-CBC0-3E73-B335-2C75537A557A}
		{3E07489F-AC1C-3E6D-AA34-B8B66CB4BCAE} = {3E07489F-AC1C-3E6D-AA34-B8B66CB4BCAE}
	EndProjectSection
EndProject
Project("{8BC9CEB8-8B4A-11D0-8D11-00A0C91BC942}") = "gamma", "tests\gamma.vcxproj", "{42AFBADA-90FA-3E83-84A5-4D02305E5A53}"
	ProjectSection(ProjectDependencies) = postProject
		{B5838274-CBC0-3E73-B335-2C75537A557A} = {B5838274-CBC0-3E73-B335-2C75537A557A}
		{3E07489F-AC1C-3E6D-AA34-B8B66CB4BCAE} = {3E07489F-AC1C-3E6D-AA34-B8B66CB4BCAE}
	EndProjectSection
EndProject
Project("{8BC9CEB8-8B4A-11D0-8D11-00A0C91BC942}") = "gears", "examples\gears.vcxproj", "{DC4CB0DE-D947-377A-B8FE-F1B97128912F}"
	ProjectSection(ProjectDependencies) = postProject
		{B5838274-CBC0-3E73-B335-2C75537A557A} = {B5838274-CBC0-3E73-B335-2C75537A557A}
		{3E07489F-AC1C-3E6D-AA34-B8B66CB4BCAE} = {3E07489F-AC1C-3E6D-AA34-B8B66CB4BCAE}
	EndProjectSection
EndProject
Project("{8BC9CEB8-8B4A-11D0-8D11-00A0C91BC942}") = "glfw", "src\glfw.vcxproj", "{3E07489F-AC1C-3E6D-AA34-B8B66CB4BCAE}"
	ProjectSection(ProjectDependencies) = postProject
		{B5838274-CBC0-3E73-B335-2C75537A557A} = {B5838274-CBC0-3E73-B335-2C75537A557A}
	EndProjectSection
EndProject
Project("{8BC9CEB8-8B4A-11D0-8D11-00A0C91BC942}") = "glfwinfo", "tests\glfwinfo.vcxproj", "{E07AB3E3-AEE1-3A99-A57A-ABD97AC1C0C9}"
	ProjectSection(ProjectDependencies) = postProject
		{B5838274-CBC0-3E73-B335-2C75537A557A} = {B5838274-CBC0-3E73-B335-2C75537A557A}
		{3E07489F-AC1C-3E6D-AA34-B8B66CB4BCAE} = {3E07489F-AC1C-3E6D-AA34-B8B66CB4BCAE}
	EndProjectSection
EndProject
Project("{8BC9CEB8-8B4A-11D0-8D11-00A0C91BC942}") = "heightmap", "examples\heightmap.vcxproj", "{7A5D0729-0A0A-3A6E-AB49-EAF5068E1766}"
	ProjectSection(ProjectDependencies) = postProject
		{B5838274-CBC0-3E73-B335-2C75537A557A} = {B5838274-CBC0-3E73-B335-2C75537A557A}
		{3E07489F-AC1C-3E6D-AA34-B8B66CB4BCAE} = {3E07489F-AC1C-3E6D-AA34-B8B66CB4BCAE}
	EndProjectSection
EndProject
Project("{8BC9CEB8-8B4A-11D0-8D11-00A0C91BC942}") = "icon", "tests\icon.vcxproj", "{018D6528-6FE0-3D7B-9935-DC72C5AA7689}"
	ProjectSection(ProjectDependencies) = postProject
		{B5838274-CBC0-3E73-B335-2C75537A557A} = {B5838274-CBC0-3E73-B335-2C75537A557A}
		{3E07489F-AC1C-3E6D-AA34-B8B66CB4BCAE} = {3E07489F-AC1C-3E6D-AA34-B8B66CB4BCAE}
	EndProjectSection
EndProject
Project("{8BC9CEB8-8B4A-11D0-8D11-00A0C91BC942}") = "iconify", "tests\iconify.vcxproj", "{8876F757-8DDA-3FB1-8971-A80304CD59DA}"
	ProjectSection(ProjectDependencies) = postProject
		{B5838274-CBC0-3E73-B335-2C75537A557A} = {B5838274-CBC0-3E73-B335-2C75537A557A}
		{3E07489F-AC1C-3E6D-AA34-B8B66CB4BCAE} = {3E07489F-AC1C-3E6D-AA34-B8B66CB4BCAE}
	EndProjectSection
EndProject
Project("{8BC9CEB8-8B4A-11D0-8D11-00A0C91BC942}") = "inputlag", "tests\inputlag.vcxproj", "{ED81E5DF-79EA-3A5A-B63E-AC261FBA92D7}"
	ProjectSection(ProjectDependencies) = postProject
		{B5838274-CBC0-3E73-B335-2C75537A557A} = {B5838274-CBC0-3E73-B335-2C75537A557A}
		{3E07489F-AC1C-3E6D-AA34-B8B66CB4BCAE} = {3E07489F-AC1C-3E6D-AA34-B8B66CB4BCAE}
	EndProjectSection
EndProject
Project("{8BC9CEB8-8B4A-11D0-8D11-00A0C91BC942}") = "joysticks", "tests\joysticks.vcxproj", "{2909688C-B5EA-315C-95F0-3955123B6A44}"
	ProjectSection(ProjectDependencies) = postProject
		{B5838274-CBC0-3E73-B335-2C75537A557A} = {B5838274-CBC0-3E73-B335-2C75537A557A}
		{3E07489F-AC1C-3E6D-AA34-B8B66CB4BCAE} = {3E07489F-AC1C-3E6D-AA34-B8B66CB4BCAE}
	EndProjectSection
EndProject
Project("{8BC9CEB8-8B4A-11D0-8D11-00A0C91BC942}") = "monitors", "tests\monitors.vcxproj", "{23467264-605F-30D4-A216-1E171D10235D}"
	ProjectSection(ProjectDependencies) = postProject
		{B5838274-CBC0-3E73-B335-2C75537A557A} = {B5838274-CBC0-3E73-B335-2C75537A557A}
		{3E07489F-AC1C-3E6D-AA34-B8B66CB4BCAE} = {3E07489F-AC1C-3E6D-AA34-B8B66CB4BCAE}
	EndProjectSection
EndProject
Project("{8BC9CEB8-8B4A-11D0-8D11-00A0C91BC942}") = "msaa", "tests\msaa.vcxproj", "{469E8E7B-EAB6-37CA-B41E-A1F7A0C7ACDD}"
	ProjectSection(ProjectDependencies) = postProject
		{B5838274-CBC0-3E73-B335-2C75537A557A} = {B5838274-CBC0-3E73-B335-2C75537A557A}
		{3E07489F-AC1C-3E6D-AA34-B8B66CB4BCAE} = {3E07489F-AC1C-3E6D-AA34-B8B66CB4BCAE}
	EndProjectSection
EndProject
Project("{8BC9CEB8-8B4A-11D0-8D11-00A0C91BC942}") = "offscreen", "examples\offscreen.vcxproj", "{558B0493-BEE5-329F-BF83-9C474A041680}"
	ProjectSection(ProjectDependencies) = postProject
		{B5838274-CBC0-3E73-B335-2C75537A557A} = {B5838274-CBC0-3E73-B335-2C75537A557A}
		{3E07489F-AC1C-3E6D-AA34-B8B66CB4BCAE} = {3E07489F-AC1C-3E6D-AA34-B8B66CB4BCAE}
	EndProjectSection
EndProject
Project("{8BC9CEB8-8B4A-11D0-8D11-00A0C91BC942}") = "opacity", "tests\opacity.vcxproj", "{6C97075A-4208-3A28-B865-EA11F9C22594}"
	ProjectSection(ProjectDependencies) = postProject
		{B5838274-CBC0-3E73-B335-2C75537A557A} = {B5838274-CBC0-3E73-B335-2C75537A557A}
		{3E07489F-AC1C-3E6D-AA34-B8B66CB4BCAE} = {3E07489F-AC1C-3E6D-AA34-B8B66CB4BCAE}
	EndProjectSection
EndProject
Project("{8BC9CEB8-8B4A-11D0-8D11-00A0C91BC942}") = "particles", "examples\particles.vcxproj", "{85E6A8F5-F409-3624-9AF1-9391F9ADBFD9}"
	ProjectSection(ProjectDependencies) = postProject
		{B5838274-CBC0-3E73-B335-2C75537A557A} = {B5838274-CBC0-3E73-B335-2C75537A557A}
		{3E07489F-AC1C-3E6D-AA34-B8B66CB4BCAE} = {3E07489F-AC1C-3E6D-AA34-B8B66CB4BCAE}
	EndProjectSection
EndProject
Project("{8BC9CEB8-8B4A-11D0-8D11-00A0C91BC942}") = "reopen", "tests\reopen.vcxproj", "{61592BD4-8134-3F71-86C3-DA2A3FB9F700}"
	ProjectSection(ProjectDependencies) = postProject
		{B5838274-CBC0-3E73-B335-2C75537A557A} = {B5838274-CBC0-3E73-B335-2C75537A557A}
		{3E07489F-AC1C-3E6D-AA34-B8B66CB4BCAE} = {3E07489F-AC1C-3E6D-AA34-B8B66CB4BCAE}
	EndProjectSection
EndProject
Project("{8BC9CEB8-8B4A-11D0-8D11-00A0C91BC942}") = "sharing", "examples\sharing.vcxproj", "{B975FFF2-7BE5-3BD6-8807-A9263F133420}"
	ProjectSection(ProjectDependencies) = postProject
		{B5838274-CBC0-3E73-B335-2C75537A557A} = {B5838274-CBC0-3E73-B335-2C75537A557A}
		{3E07489F-AC1C-3E6D-AA34-B8B66CB4BCAE} = {3E07489F-AC1C-3E6D-AA34-B8B66CB4BCAE}
	EndProjectSection
EndProject
Project("{8BC9CEB8-8B4A-11D0-8D11-00A0C91BC942}") = "simple", "examples\simple.vcxproj", "{741BEA17-C89E-346E-AC4C-D488ECC88607}"
	ProjectSection(ProjectDependencies) = postProject
		{B5838274-CBC0-3E73-B335-2C75537A557A} = {B5838274-CBC0-3E73-B335-2C75537A557A}
		{3E07489F-AC1C-3E6D-AA34-B8B66CB4BCAE} = {3E07489F-AC1C-3E6D-AA34-B8B66CB4BCAE}
	EndProjectSection
EndProject
Project("{8BC9CEB8-8B4A-11D0-8D11-00A0C91BC942}") = "splitview", "examples\splitview.vcxproj", "{81B793DA-F0EC-395A-B1AA-E35E6A0AB2A0}"
	ProjectSection(ProjectDependencies) = postProject
		{B5838274-CBC0-3E73-B335-2C75537A557A} = {B5838274-CBC0-3E73-B335-2C75537A557A}
		{3E07489F-AC1C-3E6D-AA34-B8B66CB4BCAE} = {3E07489F-AC1C-3E6D-AA34-B8B66CB4BCAE}
	EndProjectSection
EndProject
Project("{8BC9CEB8-8B4A-11D0-8D11-00A0C91BC942}") = "tearing", "tests\tearing.vcxproj", "{C2DEEDEE-9A15-3302-838D-A1D8770224C0}"
	ProjectSection(ProjectDependencies) = postProject
		{B5838274-CBC0-3E73-B335-2C75537A557A} = {B5838274-CBC0-3E73-B335-2C75537A557A}
		{3E07489F-AC1C-3E6D-AA34-B8B66CB4BCAE} = {3E07489F-AC1C-3E6D-AA34-B8B66CB4BCAE}
	EndProjectSection
EndProject
Project("{8BC9CEB8-8B4A-11D0-8D11-00A0C91BC942}") = "threads", "tests\threads.vcxproj", "{7B15A3B7-2D02-39C7-BF8E-9ED71ECDE7DA}"
	ProjectSection(ProjectDependencies) = postProject
		{B5838274-CBC0-3E73-B335-2C75537A557A} = {B5838274-CBC0-3E73-B335-2C75537A557A}
		{3E07489F-AC1C-3E6D-AA34-B8B66CB4BCAE} = {3E07489F-AC1C-3E6D-AA34-B8B66CB4BCAE}
	EndProjectSection
EndProject
Project("{8BC9CEB8-8B4A-11D0-8D11-00A0C91BC942}") = "timeout", "tests\timeout.vcxproj", "{23C3CA66-4F1D-3F91-A307-5369825E7406}"
	ProjectSection(ProjectDependencies) = postProject
		{B5838274-CBC0-3E73-B335-2C75537A557A} = {B5838274-CBC0-3E73-B335-2C75537A557A}
		{3E07489F-AC1C-3E6D-AA34-B8B66CB4BCAE} = {3E07489F-AC1C-3E6D-AA34-B8B66CB4BCAE}
	EndProjectSection
EndProject
Project("{8BC9CEB8-8B4A-11D0-8D11-00A0C91BC942}") = "title", "tests\title.vcxproj", "{E99075E9-F634-3C32-AD4F-3AFBDF5E4583}"
	ProjectSection(ProjectDependencies) = postProject
		{B5838274-CBC0-3E73-B335-2C75537A557A} = {B5838274-CBC0-3E73-B335-2C75537A557A}
		{3E07489F-AC1C-3E6D-AA34-B8B66CB4BCAE} = {3E07489F-AC1C-3E6D-AA34-B8B66CB4BCAE}
	EndProjectSection
EndProject
Project("{8BC9CEB8-8B4A-11D0-8D11-00A0C91BC942}") = "triangle-vulkan", "tests\triangle-vulkan.vcxproj", "{BFAD554E-CD3D-3341-A510-D5CA7D1C9AE6}"
	ProjectSection(ProjectDependencies) = postProject
		{B5838274-CBC0-3E73-B335-2C75537A557A} = {B5838274-CBC0-3E73-B335-2C75537A557A}
		{3E07489F-AC1C-3E6D-AA34-B8B66CB4BCAE} = {3E07489F-AC1C-3E6D-AA34-B8B66CB4BCAE}
	EndProjectSection
EndProject
Project("{8BC9CEB8-8B4A-11D0-8D11-00A0C91BC942}") = "uninstall", "uninstall.vcxproj", "{2D9853DA-299D-3D32-B544-308A911472E9}"
	ProjectSection(ProjectDependencies) = postProject
		{B5838274-CBC0-3E73-B335-2C75537A557A} = {B5838274-CBC0-3E73-B335-2C75537A557A}
	EndProjectSection
EndProject
Project("{8BC9CEB8-8B4A-11D0-8D11-00A0C91BC942}") = "wave", "examples\wave.vcxproj", "{F274ED6E-ADF2-3025-8840-E8B6B6582718}"
	ProjectSection(ProjectDependencies) = postProject
		{B5838274-CBC0-3E73-B335-2C75537A557A} = {B5838274-CBC0-3E73-B335-2C75537A557A}
		{3E07489F-AC1C-3E6D-AA34-B8B66CB4BCAE} = {3E07489F-AC1C-3E6D-AA34-B8B66CB4BCAE}
	EndProjectSection
EndProject
Project("{8BC9CEB8-8B4A-11D0-8D11-00A0C91BC942}") = "windows", "tests\windows.vcxproj", "{84D0FDDB-7BCD-32C4-952B-BFD97D87CF0D}"
	ProjectSection(ProjectDependencies) = postProject
		{B5838274-CBC0-3E73-B335-2C75537A557A} = {B5838274-CBC0-3E73-B335-2C75537A557A}
		{3E07489F-AC1C-3E6D-AA34-B8B66CB4BCAE} = {3E07489F-AC1C-3E6D-AA34-B8B66CB4BCAE}
	EndProjectSection
EndProject
Global
	GlobalSection(SolutionConfigurationPlatforms) = preSolution
		Debug|x64 = Debug|x64
		Release|x64 = Release|x64
		MinSizeRel|x64 = MinSizeRel|x64
		RelWithDebInfo|x64 = RelWithDebInfo|x64
	EndGlobalSection
	GlobalSection(ProjectConfigurationPlatforms) = postSolution
		{7E820380-AC51-3948-9D8D-1E68E0D28E6D}.Debug|x64.ActiveCfg = Debug|x64
		{7E820380-AC51-3948-9D8D-1E68E0D28E6D}.Debug|x64.Build.0 = Debug|x64
		{7E820380-AC51-3948-9D8D-1E68E0D28E6D}.Release|x64.ActiveCfg = Release|x64
		{7E820380-AC51-3948-9D8D-1E68E0D28E6D}.Release|x64.Build.0 = Release|x64
		{7E820380-AC51-3948-9D8D-1E68E0D28E6D}.MinSizeRel|x64.ActiveCfg = MinSizeRel|x64
		{7E820380-AC51-3948-9D8D-1E68E0D28E6D}.MinSizeRel|x64.Build.0 = MinSizeRel|x64
		{7E820380-AC51-3948-9D8D-1E68E0D28E6D}.RelWithDebInfo|x64.ActiveCfg = RelWithDebInfo|x64
		{7E820380-AC51-3948-9D8D-1E68E0D28E6D}.RelWithDebInfo|x64.Build.0 = RelWithDebInfo|x64
		{CDEA7DE1-D485-3D9F-A65E-AA9E00F7843B}.Debug|x64.ActiveCfg = Debug|x64
		{CDEA7DE1-D485-3D9F-A65E-AA9E00F7843B}.Release|x64.ActiveCfg = Release|x64
		{CDEA7DE1-D485-3D9F-A65E-AA9E00F7843B}.MinSizeRel|x64.ActiveCfg = MinSizeRel|x64
		{CDEA7DE1-D485-3D9F-A65E-AA9E00F7843B}.RelWithDebInfo|x64.ActiveCfg = RelWithDebInfo|x64
		{B5838274-CBC0-3E73-B335-2C75537A557A}.Debug|x64.ActiveCfg = Debug|x64
		{B5838274-CBC0-3E73-B335-2C75537A557A}.Debug|x64.Build.0 = Debug|x64
		{B5838274-CBC0-3E73-B335-2C75537A557A}.Release|x64.ActiveCfg = Release|x64
		{B5838274-CBC0-3E73-B335-2C75537A557A}.Release|x64.Build.0 = Release|x64
		{B5838274-CBC0-3E73-B335-2C75537A557A}.MinSizeRel|x64.ActiveCfg = MinSizeRel|x64
		{B5838274-CBC0-3E73-B335-2C75537A557A}.MinSizeRel|x64.Build.0 = MinSizeRel|x64
		{B5838274-CBC0-3E73-B335-2C75537A557A}.RelWithDebInfo|x64.ActiveCfg = RelWithDebInfo|x64
		{B5838274-CBC0-3E73-B335-2C75537A557A}.RelWithDebInfo|x64.Build.0 = RelWithDebInfo|x64
		{D7B72909-C220-3F15-91D1-0FF0EF056AD8}.Debug|x64.ActiveCfg = Debug|x64
		{D7B72909-C220-3F15-91D1-0FF0EF056AD8}.Debug|x64.Build.0 = Debug|x64
		{D7B72909-C220-3F15-91D1-0FF0EF056AD8}.Release|x64.ActiveCfg = Release|x64
		{D7B72909-C220-3F15-91D1-0FF0EF056AD8}.Release|x64.Build.0 = Release|x64
		{D7B72909-C220-3F15-91D1-0FF0EF056AD8}.MinSizeRel|x64.ActiveCfg = MinSizeRel|x64
		{D7B72909-C220-3F15-91D1-0FF0EF056AD8}.MinSizeRel|x64.Build.0 = MinSizeRel|x64
		{D7B72909-C220-3F15-91D1-0FF0EF056AD8}.RelWithDebInfo|x64.ActiveCfg = RelWithDebInfo|x64
		{D7B72909-C220-3F15-91D1-0FF0EF056AD8}.RelWithDebInfo|x64.Build.0 = RelWithDebInfo|x64
		{34538EA9-8C29-3F00-AB26-68DC9E94BAF8}.Debug|x64.ActiveCfg = Debug|x64
		{34538EA9-8C29-3F00-AB26-68DC9E94BAF8}.Debug|x64.Build.0 = Debug|x64
		{34538EA9-8C29-3F00-AB26-68DC9E94BAF8}.Release|x64.ActiveCfg = Release|x64
		{34538EA9-8C29-3F00-AB26-68DC9E94BAF8}.Release|x64.Build.0 = Release|x64
		{34538EA9-8C29-3F00-AB26-68DC9E94BAF8}.MinSizeRel|x64.ActiveCfg = MinSizeRel|x64
		{34538EA9-8C29-3F00-AB26-68DC9E94BAF8}.MinSizeRel|x64.Build.0 = MinSizeRel|x64
		{34538EA9-8C29-3F00-AB26-68DC9E94BAF8}.RelWithDebInfo|x64.ActiveCfg = RelWithDebInfo|x64
		{34538EA9-8C29-3F00-AB26-68DC9E94BAF8}.RelWithDebInfo|x64.Build.0 = RelWithDebInfo|x64
		{34FB0234-E2CD-3572-A7E2-1D40E7CED51F}.Debug|x64.ActiveCfg = Debug|x64
		{34FB0234-E2CD-3572-A7E2-1D40E7CED51F}.Debug|x64.Build.0 = Debug|x64
		{34FB0234-E2CD-3572-A7E2-1D40E7CED51F}.Release|x64.ActiveCfg = Release|x64
		{34FB0234-E2CD-3572-A7E2-1D40E7CED51F}.Release|x64.Build.0 = Release|x64
		{34FB0234-E2CD-3572-A7E2-1D40E7CED51F}.MinSizeRel|x64.ActiveCfg = MinSizeRel|x64
		{34FB0234-E2CD-3572-A7E2-1D40E7CED51F}.MinSizeRel|x64.Build.0 = MinSizeRel|x64
		{34FB0234-E2CD-3572-A7E2-1D40E7CED51F}.RelWithDebInfo|x64.ActiveCfg = RelWithDebInfo|x64
		{34FB0234-E2CD-3572-A7E2-1D40E7CED51F}.RelWithDebInfo|x64.Build.0 = RelWithDebInfo|x64
		{67C826B3-0E6D-38EC-B68A-2D49A949C9A0}.Debug|x64.ActiveCfg = Debug|x64
		{67C826B3-0E6D-38EC-B68A-2D49A949C9A0}.Debug|x64.Build.0 = Debug|x64
		{67C826B3-0E6D-38EC-B68A-2D49A949C9A0}.Release|x64.ActiveCfg = Release|x64
		{67C826B3-0E6D-38EC-B68A-2D49A949C9A0}.Release|x64.Build.0 = Release|x64
		{67C826B3-0E6D-38EC-B68A-2D49A949C9A0}.MinSizeRel|x64.ActiveCfg = MinSizeRel|x64
		{67C826B3-0E6D-38EC-B68A-2D49A949C9A0}.MinSizeRel|x64.Build.0 = MinSizeRel|x64
		{67C826B3-0E6D-38EC-B68A-2D49A949C9A0}.RelWithDebInfo|x64.ActiveCfg = RelWithDebInfo|x64
		{67C826B3-0E6D-38EC-B68A-2D49A949C9A0}.RelWithDebInfo|x64.Build.0 = RelWithDebInfo|x64
		{707CC640-CCFE-3349-AD6C-F9FB84FDEA77}.Debug|x64.ActiveCfg = Debug|x64
		{707CC640-CCFE-3349-AD6C-F9FB84FDEA77}.Debug|x64.Build.0 = Debug|x64
		{707CC640-CCFE-3349-AD6C-F9FB84FDEA77}.Release|x64.ActiveCfg = Release|x64
		{707CC640-CCFE-3349-AD6C-F9FB84FDEA77}.Release|x64.Build.0 = Release|x64
		{707CC640-CCFE-3349-AD6C-F9FB84FDEA77}.MinSizeRel|x64.ActiveCfg = MinSizeRel|x64
		{707CC640-CCFE-3349-AD6C-F9FB84FDEA77}.MinSizeRel|x64.Build.0 = MinSizeRel|x64
		{707CC640-CCFE-3349-AD6C-F9FB84FDEA77}.RelWithDebInfo|x64.ActiveCfg = RelWithDebInfo|x64
		{707CC640-CCFE-3349-AD6C-F9FB84FDEA77}.RelWithDebInfo|x64.Build.0 = RelWithDebInfo|x64
		{42AFBADA-90FA-3E83-84A5-4D02305E5A53}.Debug|x64.ActiveCfg = Debug|x64
		{42AFBADA-90FA-3E83-84A5-4D02305E5A53}.Debug|x64.Build.0 = Debug|x64
		{42AFBADA-90FA-3E83-84A5-4D02305E5A53}.Release|x64.ActiveCfg = Release|x64
		{42AFBADA-90FA-3E83-84A5-4D02305E5A53}.Release|x64.Build.0 = Release|x64
		{42AFBADA-90FA-3E83-84A5-4D02305E5A53}.MinSizeRel|x64.ActiveCfg = MinSizeRel|x64
		{42AFBADA-90FA-3E83-84A5-4D02305E5A53}.MinSizeRel|x64.Build.0 = MinSizeRel|x64
		{42AFBADA-90FA-3E83-84A5-4D02305E5A53}.RelWithDebInfo|x64.ActiveCfg = RelWithDebInfo|x64
		{42AFBADA-90FA-3E83-84A5-4D02305E5A53}.RelWithDebInfo|x64.Build.0 = RelWithDebInfo|x64
		{DC4CB0DE-D947-377A-B8FE-F1B97128912F}.Debug|x64.ActiveCfg = Debug|x64
		{DC4CB0DE-D947-377A-B8FE-F1B97128912F}.Debug|x64.Build.0 = Debug|x64
		{DC4CB0DE-D947-377A-B8FE-F1B97128912F}.Release|x64.ActiveCfg = Release|x64
		{DC4CB0DE-D947-377A-B8FE-F1B97128912F}.Release|x64.Build.0 = Release|x64
		{DC4CB0DE-D947-377A-B8FE-F1B97128912F}.MinSizeRel|x64.ActiveCfg = MinSizeRel|x64
		{DC4CB0DE-D947-377A-B8FE-F1B97128912F}.MinSizeRel|x64.Build.0 = MinSizeRel|x64
		{DC4CB0DE-D947-377A-B8FE-F1B97128912F}.RelWithDebInfo|x64.ActiveCfg = RelWithDebInfo|x64
		{DC4CB0DE-D947-377A-B8FE-F1B97128912F}.RelWithDebInfo|x64.Build.0 = RelWithDebInfo|x64
		{3E07489F-AC1C-3E6D-AA34-B8B66CB4BCAE}.Debug|x64.ActiveCfg = Debug|x64
		{3E07489F-AC1C-3E6D-AA34-B8B66CB4BCAE}.Debug|x64.Build.0 = Debug|x64
		{3E07489F-AC1C-3E6D-AA34-B8B66CB4BCAE}.Release|x64.ActiveCfg = Release|x64
		{3E07489F-AC1C-3E6D-AA34-B8B66CB4BCAE}.Release|x64.Build.0 = Release|x64
		{3E07489F-AC1C-3E6D-AA34-B8B66CB4BCAE}.MinSizeRel|x64.ActiveCfg = MinSizeRel|x64
		{3E07489F-AC1C-3E6D-AA34-B8B66CB4BCAE}.MinSizeRel|x64.Build.0 = MinSizeRel|x64
		{3E07489F-AC1C-3E6D-AA34-B8B66CB4BCAE}.RelWithDebInfo|x64.ActiveCfg = RelWithDebInfo|x64
		{3E07489F-AC1C-3E6D-AA34-B8B66CB4BCAE}.RelWithDebInfo|x64.Build.0 = RelWithDebInfo|x64
		{E07AB3E3-AEE1-3A99-A57A-ABD97AC1C0C9}.Debug|x64.ActiveCfg = Debug|x64
		{E07AB3E3-AEE1-3A99-A57A-ABD97AC1C0C9}.Debug|x64.Build.0 = Debug|x64
		{E07AB3E3-AEE1-3A99-A57A-ABD97AC1C0C9}.Release|x64.ActiveCfg = Release|x64
		{E07AB3E3-AEE1-3A99-A57A-ABD97AC1C0C9}.Release|x64.Build.0 = Release|x64
		{E07AB3E3-AEE1-3A99-A57A-ABD97AC1C0C9}.MinSizeRel|x64.ActiveCfg = MinSizeRel|x64
		{E07AB3E3-AEE1-3A99-A57A-ABD97AC1C0C9}.MinSizeRel|x64.Build.0 = MinSizeRel|x64
		{E07AB3E3-AEE1-3A99-A57A-ABD97AC1C0C9}.RelWithDebInfo|x64.ActiveCfg = RelWithDebInfo|x64
		{E07AB3E3-AEE1-3A99-A57A-ABD97AC1C0C9}.RelWithDebInfo|x64.Build.0 = RelWithDebInfo|x64
		{7A5D0729-0A0A-3A6E-AB49-EAF5068E1766}.Debug|x64.ActiveCfg = Debug|x64
		{7A5D0729-0A0A-3A6E-AB49-EAF5068E1766}.Debug|x64.Build.0 = Debug|x64
		{7A5D0729-0A0A-3A6E-AB49-EAF5068E1766}.Release|x64.ActiveCfg = Release|x64
		{7A5D0729-0A0A-3A6E-AB49-EAF5068E1766}.Release|x64.Build.0 = Release|x64
		{7A5D0729-0A0A-3A6E-AB49-EAF5068E1766}.MinSizeRel|x64.ActiveCfg = MinSizeRel|x64
		{7A5D0729-0A0A-3A6E-AB49-EAF5068E1766}.MinSizeRel|x64.Build.0 = MinSizeRel|x64
		{7A5D0729-0A0A-3A6E-AB49-EAF5068E1766}.RelWithDebInfo|x64.ActiveCfg = RelWithDebInfo|x64
		{7A5D0729-0A0A-3A6E-AB49-EAF5068E1766}.RelWithDebInfo|x64.Build.0 = RelWithDebInfo|x64
		{018D6528-6FE0-3D7B-9935-DC72C5AA7689}.Debug|x64.ActiveCfg = Debug|x64
		{018D6528-6FE0-3D7B-9935-DC72C5AA7689}.Debug|x64.Build.0 = Debug|x64
		{018D6528-6FE0-3D7B-9935-DC72C5AA7689}.Release|x64.ActiveCfg = Release|x64
		{018D6528-6FE0-3D7B-9935-DC72C5AA7689}.Release|x64.Build.0 = Release|x64
		{018D6528-6FE0-3D7B-9935-DC72C5AA7689}.MinSizeRel|x64.ActiveCfg = MinSizeRel|x64
		{018D6528-6FE0-3D7B-9935-DC72C5AA7689}.MinSizeRel|x64.Build.0 = MinSizeRel|x64
		{018D6528-6FE0-3D7B-9935-DC72C5AA7689}.RelWithDebInfo|x64.ActiveCfg = RelWithDebInfo|x64
		{018D6528-6FE0-3D7B-9935-DC72C5AA7689}.RelWithDebInfo|x64.Build.0 = RelWithDebInfo|x64
		{8876F757-8DDA-3FB1-8971-A80304CD59DA}.Debug|x64.ActiveCfg = Debug|x64
		{8876F757-8DDA-3FB1-8971-A80304CD59DA}.Debug|x64.Build.0 = Debug|x64
		{8876F757-8DDA-3FB1-8971-A80304CD59DA}.Release|x64.ActiveCfg = Release|x64
		{8876F757-8DDA-3FB1-8971-A80304CD59DA}.Release|x64.Build.0 = Release|x64
		{8876F757-8DDA-3FB1-8971-A80304CD59DA}.MinSizeRel|x64.ActiveCfg = MinSizeRel|x64
		{8876F757-8DDA-3FB1-8971-A80304CD59DA}.MinSizeRel|x64.Build.0 = MinSizeRel|x64
		{8876F757-8DDA-3FB1-8971-A80304CD59DA}.RelWithDebInfo|x64.ActiveCfg = RelWithDebInfo|x64
		{8876F757-8DDA-3FB1-8971-A80304CD59DA}.RelWithDebInfo|x64.Build.0 = RelWithDebInfo|x64
		{ED81E5DF-79EA-3A5A-B63E-AC261FBA92D7}.Debug|x64.ActiveCfg = Debug|x64
		{ED81E5DF-79EA-3A5A-B63E-AC261FBA92D7}.Debug|x64.Build.0 = Debug|x64
		{ED81E5DF-79EA-3A5A-B63E-AC261FBA92D7}.Release|x64.ActiveCfg = Release|x64
		{ED81E5DF-79EA-3A5A-B63E-AC261FBA92D7}.Release|x64.Build.0 = Release|x64
		{ED81E5DF-79EA-3A5A-B63E-AC261FBA92D7}.MinSizeRel|x64.ActiveCfg = MinSizeRel|x64
		{ED81E5DF-79EA-3A5A-B63E-AC261FBA92D7}.MinSizeRel|x64.Build.0 = MinSizeRel|x64
		{ED81E5DF-79EA-3A5A-B63E-AC261FBA92D7}.RelWithDebInfo|x64.ActiveCfg = RelWithDebInfo|x64
		{ED81E5DF-79EA-3A5A-B63E-AC261FBA92D7}.RelWithDebInfo|x64.Build.0 = RelWithDebInfo|x64
		{2909688C-B5EA-315C-95F0-3955123B6A44}.Debug|x64.ActiveCfg = Debug|x64
		{2909688C-B5EA-315C-95F0-3955123B6A44}.Debug|x64.Build.0 = Debug|x64
		{2909688C-B5EA-315C-95F0-3955123B6A44}.Release|x64.ActiveCfg = Release|x64
		{2909688C-B5EA-315C-95F0-3955123B6A44}.Release|x64.Build.0 = Release|x64
		{2909688C-B5EA-315C-95F0-3955123B6A44}.MinSizeRel|x64.ActiveCfg = MinSizeRel|x64
		{2909688C-B5EA-315C-95F0-3955123B6A44}.MinSizeRel|x64.Build.0 = MinSizeRel|x64
		{2909688C-B5EA-315C-95F0-3955123B6A44}.RelWithDebInfo|x64.ActiveCfg = RelWithDebInfo|x64
		{2909688C-B5EA-315C-95F0-3955123B6A44}.RelWithDebInfo|x64.Build.0 = RelWithDebInfo|x64
		{23467264-605F-30D4-A216-1E171D10235D}.Debug|x64.ActiveCfg = Debug|x64
		{23467264-605F-30D4-A216-1E171D10235D}.Debug|x64.Build.0 = Debug|x64
		{23467264-605F-30D4-A216-1E171D10235D}.Release|x64.ActiveCfg = Release|x64
		{23467264-605F-30D4-A216-1E171D10235D}.Release|x64.Build.0 = Release|x64
		{23467264-605F-30D4-A216-1E171D10235D}.MinSizeRel|x64.ActiveCfg = MinSizeRel|x64
		{23467264-605F-30D4-A216-1E171D10235D}.MinSizeRel|x64.Build.0 = MinSizeRel|x64
		{23467264-605F-30D4-A216-1E171D10235D}.RelWithDebInfo|x64.ActiveCfg = RelWithDebInfo|x64
		{23467264-605F-30D4-A216-1E171D10235D}.RelWithDebInfo|x64.Build.0 = RelWithDebInfo|x64
		{469E8E7B-EAB6-37CA-B41E-A1F7A0C7ACDD}.Debug|x64.ActiveCfg = Debug|x64
		{469E8E7B-EAB6-37CA-B41E-A1F7A0C7ACDD}.Debug|x64.Build.0 = Debug|x64
		{469E8E7B-EAB6-37CA-B41E-A1F7A0C7ACDD}.Release|x64.ActiveCfg = Release|x64
		{469E8E7B-EAB6-37CA-B41E-A1F7A0C7ACDD}.Release|x64.Build.0 = Release|x64
		{469E8E7B-EAB6-37CA-B41E-A1F7A0C7ACDD}.MinSizeRel|x64.ActiveCfg = MinSizeRel|x64
		{469E8E7B-EAB6-37CA-B41E-A1F7A0C7ACDD}.MinSizeRel|x64.Build.0 = MinSizeRel|x64
		{469E8E7B-EAB6-37CA-B41E-A1F7A0C7ACDD}.RelWithDebInfo|x64.ActiveCfg = RelWithDebInfo|x64
		{469E8E7B-EAB6-37CA-B41E-A1F7A0C7ACDD}.RelWithDebInfo|x64.Build.0 = RelWithDebInfo|x64
		{558B0493-BEE5-329F-BF83-9C474A041680}.Debug|x64.ActiveCfg = Debug|x64
		{558B0493-BEE5-329F-BF83-9C474A041680}.Debug|x64.Build.0 = Debug|x64
		{558B0493-BEE5-329F-BF83-9C474A041680}.Release|x64.ActiveCfg = Release|x64
		{558B0493-BEE5-329F-BF83-9C474A041680}.Release|x64.Build.0 = Release|x64
		{558B0493-BEE5-329F-BF83-9C474A041680}.MinSizeRel|x64.ActiveCfg = MinSizeRel|x64
		{558B0493-BEE5-329F-BF83-9C474A041680}.MinSizeRel|x64.Build.0 = MinSizeRel|x64
		{558B0493-BEE5-329F-BF83-9C474A041680}.RelWithDebInfo|x64.ActiveCfg = RelWithDebInfo|x64
		{558B0493-BEE5-329F-BF83-9C474A041680}.RelWithDebInfo|x64.Build.0 = RelWithDebInfo|x64
		{6C97075A-4208-3A28-B865-EA11F9C22594}.Debug|x64.ActiveCfg = Debug|x64
		{6C97075A-4208-3A28-B865-EA11F9C22594}.Debug|x64.Build.0 = Debug|x64
		{6C97075A-4208-3A28-B865-EA11F9C22594}.Release|x64.ActiveCfg = Release|x64
		{6C97075A-4208-3A28-B865-EA11F9C22594}.Release|x64.Build.0 = Release|x64
		{6C97075A-4208-3A28-B865-EA11F9C22594}.MinSizeRel|x64.ActiveCfg = MinSizeRel|x64
		{6C97075A-4208-3A28-B865-EA11F9C22594}.MinSizeRel|x64.Build.0 = MinSizeRel|x64
		{6C97075A-4208-3A28-B865-EA11F9C22594}.RelWithDebInfo|x64.ActiveCfg = RelWithDebInfo|x64
		{6C97075A-4208-3A28-B865-EA11F9C22594}.RelWithDebInfo|x64.Build.0 = RelWithDebInfo|x64
		{85E6A8F5-F409-3624-9AF1-9391F9ADBFD9}.Debug|x64.ActiveCfg = Debug|x64
		{85E6A8F5-F409-3624-9AF1-9391F9ADBFD9}.Debug|x64.Build.0 = Debug|x64
		{85E6A8F5-F409-3624-9AF1-9391F9ADBFD9}.Release|x64.ActiveCfg = Release|x64
		{85E6A8F5-F409-3624-9AF1-9391F9ADBFD9}.Release|x64.Build.0 = Release|x64
		{85E6A8F5-F409-3624-9AF1-9391F9ADBFD9}.MinSizeRel|x64.ActiveCfg = MinSizeRel|x64
		{85E6A8F5-F409-3624-9AF1-9391F9ADBFD9}.MinSizeRel|x64.Build.0 = MinSizeRel|x64
		{85E6A8F5-F409-3624-9AF1-9391F9ADBFD9}.RelWithDebInfo|x64.ActiveCfg = RelWithDebInfo|x64
		{85E6A8F5-F409-3624-9AF1-9391F9ADBFD9}.RelWithDebInfo|x64.Build.0 = RelWithDebInfo|x64
		{61592BD4-8134-3F71-86C3-DA2A3FB9F700}.Debug|x64.ActiveCfg = Debug|x64
		{61592BD4-8134-3F71-86C3-DA2A3FB9F700}.Debug|x64.Build.0 = Debug|x64
		{61592BD4-8134-3F71-86C3-DA2A3FB9F700}.Release|x64.ActiveCfg = Release|x64
		{61592BD4-8134-3F71-86C3-DA2A3FB9F700}.Release|x64.Build.0 = Release|x64
		{61592BD4-8134-3F71-86C3-DA2A3FB9F700}.MinSizeRel|x64.ActiveCfg = MinSizeRel|x64
		{61592BD4-8134-3F71-86C3-DA2A3FB9F700}.MinSizeRel|x64.Build.0 = MinSizeRel|x64
		{61592BD4-8134-3F71-86C3-DA2A3FB9F700}.RelWithDebInfo|x64.ActiveCfg = RelWithDebInfo|x64
		{61592BD4-8134-3F71-86C3-DA2A3FB9F700}.RelWithDebInfo|x64.Build.0 = RelWithDebInfo|x64
		{B975FFF2-7BE5-3BD6-8807-A9263F133420}.Debug|x64.ActiveCfg = Debug|x64
		{B975FFF2-7BE5-3BD6-8807-A9263F133420}.Debug|x64.Build.0 = Debug|x64
		{B975FFF2-7BE5-3BD6-8807-A9263F133420}.Release|x64.ActiveCfg = Release|x64
		{B975FFF2-7BE5-3BD6-8807-A9263F133420}.Release|x64.Build.0 = Release|x64
		{B975FFF2-7BE5-3BD6-8807-A9263F133420}.MinSizeRel|x64.ActiveCfg = MinSizeRel|x64
		{B975FFF2-7BE5-3BD6-8807-A9263F133420}.MinSizeRel|x64.Build.0 = MinSizeRel|x64
		{B975FFF2-7BE5-3BD6-8807-A9263F133420}.RelWithDebInfo|x64.ActiveCfg = RelWithDebInfo|x64
		{B975FFF2-7BE5-3BD6-8807-A9263F133420}.RelWithDebInfo|x64.Build.0 = RelWithDebInfo|x64
		{741BEA17-C89E-346E-AC4C-D488ECC88607}.Debug|x64.ActiveCfg = Debug|x64
		{741BEA17-C89E-346E-AC4C-D488ECC88607}.Debug|x64.Build.0 = Debug|x64
		{741BEA17-C89E-346E-AC4C-D488ECC88607}.Release|x64.ActiveCfg = Release|x64
		{741BEA17-C89E-346E-AC4C-D488ECC88607}.Release|x64.Build.0 = Release|x64
		{741BEA17-C89E-346E-AC4C-D488ECC88607}.MinSizeRel|x64.ActiveCfg = MinSizeRel|x64
		{741BEA17-C89E-346E-AC4C-D488ECC88607}.MinSizeRel|x64.Build.0 = MinSizeRel|x64
		{741BEA17-C89E-346E-AC4C-D488ECC88607}.RelWithDebInfo|x64.ActiveCfg = RelWithDebInfo|x64
		{741BEA17-C89E-346E-AC4C-D488ECC88607}.RelWithDebInfo|x64.Build.0 = RelWithDebInfo|x64
		{81B793DA-F0EC-395A-B1AA-E35E6A0AB2A0}.Debug|x64.ActiveCfg = Debug|x64
		{81B793DA-F0EC-395A-B1AA-E35E6A0AB2A0}.Debug|x64.Build.0 = Debug|x64
		{81B793DA-F0EC-395A-B1AA-E35E6A0AB2A0}.Release|x64.ActiveCfg = Release|x64
		{81B793DA-F0EC-395A-B1AA-E35E6A0AB2A0}.Release|x64.Build.0 = Release|x64
		{81B793DA-F0EC-395A-B1AA-E35E6A0AB2A0}.MinSizeRel|x64.ActiveCfg = MinSizeRel|x64
		{81B793DA-F0EC-395A-B1AA-E35E6A0AB2A0}.MinSizeRel|x64.Build.0 = MinSizeRel|x64
		{81B793DA-F0EC-395A-B1AA-E35E6A0AB2A0}.RelWithDebInfo|x64.ActiveCfg = RelWithDebInfo|x64
		{81B793DA-F0EC-395A-B1AA-E35E6A0AB2A0}.RelWithDebInfo|x64.Build.0 = RelWithDebInfo|x64
		{C2DEEDEE-9A15-3302-838D-A1D8770224C0}.Debug|x64.ActiveCfg = Debug|x64
		{C2DEEDEE-9A15-3302-838D-A1D8770224C0}.Debug|x64.Build.0 = Debug|x64
		{C2DEEDEE-9A15-3302-838D-A1D8770224C0}.Release|x64.ActiveCfg = Release|x64
		{C2DEEDEE-9A15-3302-838D-A1D8770224C0}.Release|x64.Build.0 = Release|x64
		{C2DEEDEE-9A15-3302-838D-A1D8770224C0}.MinSizeRel|x64.ActiveCfg = MinSizeRel|x64
		{C2DEEDEE-9A15-3302-838D-A1D8770224C0}.MinSizeRel|x64.Build.0 = MinSizeRel|x64
		{C2DEEDEE-9A15-3302-838D-A1D8770224C0}.RelWithDebInfo|x64.ActiveCfg = RelWithDebInfo|x64
		{C2DEEDEE-9A15-3302-838D-A1D8770224C0}.RelWithDebInfo|x64.Build.0 = RelWithDebInfo|x64
		{7B15A3B7-2D02-39C7-BF8E-9ED71ECDE7DA}.Debug|x64.ActiveCfg = Debug|x64
		{7B15A3B7-2D02-39C7-BF8E-9ED71ECDE7DA}.Debug|x64.Build.0 = Debug|x64
		{7B15A3B7-2D02-39C7-BF8E-9ED71ECDE7DA}.Release|x64.ActiveCfg = Release|x64
		{7B15A3B7-2D02-39C7-BF8E-9ED71ECDE7DA}.Release|x64.Build.0 = Release|x64
		{7B15A3B7-2D02-39C7-BF8E-9ED71ECDE7DA}.MinSizeRel|x64.ActiveCfg = MinSizeRel|x64
		{7B15A3B7-2D02-39C7-BF8E-9ED71ECDE7DA}.MinSizeRel|x64.Build.0 = MinSizeRel|x64
		{7B15A3B7-2D02-39C7-BF8E-9ED71ECDE7DA}.RelWithDebInfo|x64.ActiveCfg = RelWithDebInfo|x64
		{7B15A3B7-2D02-39C7-BF8E-9ED71ECDE7DA}.RelWithDebInfo|x64.Build.0 = RelWithDebInfo|x64
		{23C3CA66-4F1D-3F91-A307-5369825E7406}.Debug|x64.ActiveCfg = Debug|x64
		{23C3CA66-4F1D-3F91-A307-5369825E7406}.Debug|x64.Build.0 = Debug|x64
		{23C3CA66-4F1D-3F91-A307-5369825E7406}.Release|x64.ActiveCfg = Release|x64
		{23C3CA66-4F1D-3F91-A307-5369825E7406}.Release|x64.Build.0 = Release|x64
		{23C3CA66-4F1D-3F91-A307-5369825E7406}.MinSizeRel|x64.ActiveCfg = MinSizeRel|x64
		{23C3CA66-4F1D-3F91-A307-5369825E7406}.MinSizeRel|x64.Build.0 = MinSizeRel|x64
		{23C3CA66-4F1D-3F91-A307-5369825E7406}.RelWithDebInfo|x64.ActiveCfg = RelWithDebInfo|x64
		{23C3CA66-4F1D-3F91-A307-5369825E7406}.RelWithDebInfo|x64.Build.0 = RelWithDebInfo|x64
		{E99075E9-F634-3C32-AD4F-3AFBDF5E4583}.Debug|x64.ActiveCfg = Debug|x64
		{E99075E9-F634-3C32-AD4F-3AFBDF5E4583}.Debug|x64.Build.0 = Debug|x64
		{E99075E9-F634-3C32-AD4F-3AFBDF5E4583}.Release|x64.ActiveCfg = Release|x64
		{E99075E9-F634-3C32-AD4F-3AFBDF5E4583}.Release|x64.Build.0 = Release|x64
		{E99075E9-F634-3C32-AD4F-3AFBDF5E4583}.MinSizeRel|x64.ActiveCfg = MinSizeRel|x64
		{E99075E9-F634-3C32-AD4F-3AFBDF5E4583}.MinSizeRel|x64.Build.0 = MinSizeRel|x64
		{E99075E9-F634-3C32-AD4F-3AFBDF5E4583}.RelWithDebInfo|x64.ActiveCfg = RelWithDebInfo|x64
		{E99075E9-F634-3C32-AD4F-3AFBDF5E4583}.RelWithDebInfo|x64.Build.0 = RelWithDebInfo|x64
		{BFAD554E-CD3D-3341-A510-D5CA7D1C9AE6}.Debug|x64.ActiveCfg = Debug|x64
		{BFAD554E-CD3D-3341-A510-D5CA7D1C9AE6}.Debug|x64.Build.0 = Debug|x64
		{BFAD554E-CD3D-3341-A510-D5CA7D1C9AE6}.Release|x64.ActiveCfg = Release|x64
		{BFAD554E-CD3D-3341-A510-D5CA7D1C9AE6}.Release|x64.Build.0 = Release|x64
		{BFAD554E-CD3D-3341-A510-D5CA7D1C9AE6}.MinSizeRel|x64.ActiveCfg = MinSizeRel|x64
		{BFAD554E-CD3D-3341-A510-D5CA7D1C9AE6}.MinSizeRel|x64.Build.0 = MinSizeRel|x64
		{BFAD554E-CD3D-3341-A510-D5CA7D1C9AE6}.RelWithDebInfo|x64.ActiveCfg = RelWithDebInfo|x64
		{BFAD554E-CD3D-3341-A510-D5CA7D1C9AE6}.RelWithDebInfo|x64.Build.0 = RelWithDebInfo|x64
		{2D9853DA-299D-3D32-B544-308A911472E9}.Debug|x64.ActiveCfg = Debug|x64
		{2D9853DA-299D-3D32-B544-308A911472E9}.Release|x64.ActiveCfg = Release|x64
		{2D9853DA-299D-3D32-B544-308A911472E9}.MinSizeRel|x64.ActiveCfg = MinSizeRel|x64
		{2D9853DA-299D-3D32-B544-308A911472E9}.RelWithDebInfo|x64.ActiveCfg = RelWithDebInfo|x64
		{F274ED6E-ADF2-3025-8840-E8B6B6582718}.Debug|x64.ActiveCfg = Debug|x64
		{F274ED6E-ADF2-3025-8840-E8B6B6582718}.Debug|x64.Build.0 = Debug|x64
		{F274ED6E-ADF2-3025-8840-E8B6B6582718}.Release|x64.ActiveCfg = Release|x64
		{F274ED6E-ADF2-3025-8840-E8B6B6582718}.Release|x64.Build.0 = Release|x64
		{F274ED6E-ADF2-3025-8840-E8B6B6582718}.MinSizeRel|x64.ActiveCfg = MinSizeRel|x64
		{F274ED6E-ADF2-3025-8840-E8B6B6582718}.MinSizeRel|x64.Build.0 = MinSizeRel|x64
		{F274ED6E-ADF2-3025-8840-E8B6B6582718}.RelWithDebInfo|x64.ActiveCfg = RelWithDebInfo|x64
		{F274ED6E-ADF2-3025-8840-E8B6B6582718}.RelWithDebInfo|x64.Build.0 = RelWithDebInfo|x64
		{84D0FDDB-7BCD-32C4-952B-BFD97D87CF0D}.Debug|x64.ActiveCfg = Debug|x64
		{84D0FDDB-7BCD-32C4-952B-BFD97D87CF0D}.Debug|x64.Build.0 = Debug|x64
		{84D0FDDB-7BCD-32C4-952B-BFD97D87CF0D}.Release|x64.ActiveCfg = Release|x64
		{84D0FDDB-7BCD-32C4-952B-BFD97D87CF0D}.Release|x64.Build.0 = Release|x64
		{84D0FDDB-7BCD-32C4-952B-BFD97D87CF0D}.MinSizeRel|x64.ActiveCfg = MinSizeRel|x64
		{84D0FDDB-7BCD-32C4-952B-BFD97D87CF0D}.MinSizeRel|x64.Build.0 = MinSizeRel|x64
		{84D0FDDB-7BCD-32C4-952B-BFD97D87CF0D}.RelWithDebInfo|x64.ActiveCfg = RelWithDebInfo|x64
		{84D0FDDB-7BCD-32C4-952B-BFD97D87CF0D}.RelWithDebInfo|x64.Build.0 = RelWithDebInfo|x64
	EndGlobalSection
	GlobalSection(NestedProjects) = preSolution
		{7E820380-AC51-3948-9D8D-1E68E0D28E6D} = {137B9013-AF6C-3223-97C0-B80F1FFC778F}
		{CDEA7DE1-D485-3D9F-A65E-AA9E00F7843B} = {137B9013-AF6C-3223-97C0-B80F1FFC778F}
		{B5838274-CBC0-3E73-B335-2C75537A557A} = {137B9013-AF6C-3223-97C0-B80F1FFC778F}
		{92E94C65-E8C4-3D80-9DBD-76D1513AD63C} = {9CF6849B-63E2-3FAD-92A2-0F5F8C3D73F9}
		{1A1C203B-D24E-31DA-8B8B-97CD0E16DAFC} = {9CF6849B-63E2-3FAD-92A2-0F5F8C3D73F9}
		{3E07489F-AC1C-3E6D-AA34-B8B66CB4BCAE} = {9CF6849B-63E2-3FAD-92A2-0F5F8C3D73F9}
		{2D9853DA-299D-3D32-B544-308A911472E9} = {9CF6849B-63E2-3FAD-92A2-0F5F8C3D73F9}
		{D7B72909-C220-3F15-91D1-0FF0EF056AD8} = {92E94C65-E8C4-3D80-9DBD-76D1513AD63C}
		{DC4CB0DE-D947-377A-B8FE-F1B97128912F} = {92E94C65-E8C4-3D80-9DBD-76D1513AD63C}
		{7A5D0729-0A0A-3A6E-AB49-EAF5068E1766} = {92E94C65-E8C4-3D80-9DBD-76D1513AD63C}
		{558B0493-BEE5-329F-BF83-9C474A041680} = {92E94C65-E8C4-3D80-9DBD-76D1513AD63C}
		{85E6A8F5-F409-3624-9AF1-9391F9ADBFD9} = {92E94C65-E8C4-3D80-9DBD-76D1513AD63C}
		{B975FFF2-7BE5-3BD6-8807-A9263F133420} = {92E94C65-E8C4-3D80-9DBD-76D1513AD63C}
		{741BEA17-C89E-346E-AC4C-D488ECC88607} = {92E94C65-E8C4-3D80-9DBD-76D1513AD63C}
		{81B793DA-F0EC-395A-B1AA-E35E6A0AB2A0} = {92E94C65-E8C4-3D80-9DBD-76D1513AD63C}
		{F274ED6E-ADF2-3025-8840-E8B6B6582718} = {92E94C65-E8C4-3D80-9DBD-76D1513AD63C}
		{34538EA9-8C29-3F00-AB26-68DC9E94BAF8} = {1A1C203B-D24E-31DA-8B8B-97CD0E16DAFC}
		{34FB0234-E2CD-3572-A7E2-1D40E7CED51F} = {1A1C203B-D24E-31DA-8B8B-97CD0E16DAFC}
		{67C826B3-0E6D-38EC-B68A-2D49A949C9A0} = {1A1C203B-D24E-31DA-8B8B-97CD0E16DAFC}
		{707CC640-CCFE-3349-AD6C-F9FB84FDEA77} = {1A1C203B-D24E-31DA-8B8B-97CD0E16DAFC}
		{42AFBADA-90FA-3E83-84A5-4D02305E5A53} = {1A1C203B-D24E-31DA-8B8B-97CD0E16DAFC}
		{E07AB3E3-AEE1-3A99-A57A-ABD97AC1C0C9} = {1A1C203B-D24E-31DA-8B8B-97CD0E16DAFC}
		{018D6528-6FE0-3D7B-9935-DC72C5AA7689} = {1A1C203B-D24E-31DA-8B8B-97CD0E16DAFC}
		{8876F757-8DDA-3FB1-8971-A80304CD59DA} = {1A1C203B-D24E-31DA-8B8B-97CD0E16DAFC}
		{ED81E5DF-79EA-3A5A-B63E-AC261FBA92D7} = {1A1C203B-D24E-31DA-8B8B-97CD0E16DAFC}
		{2909688C-B5EA-315C-95F0-3955123B6A44} = {1A1C203B-D24E-31DA-8B8B-97CD0E16DAFC}
		{23467264-605F-30D4-A216-1E171D10235D} = {1A1C203B-D24E-31DA-8B8B-97CD0E16DAFC}
		{469E8E7B-EAB6-37CA-B41E-A1F7A0C7ACDD} = {1A1C203B-D24E-31DA-8B8B-97CD0E16DAFC}
		{6C97075A-4208-3A28-B865-EA11F9C22594} = {1A1C203B-D24E-31DA-8B8B-97CD0E16DAFC}
		{61592BD4-8134-3F71-86C3-DA2A3FB9F700} = {1A1C203B-D24E-31DA-8B8B-97CD0E16DAFC}
		{C2DEEDEE-9A15-3302-838D-A1D8770224C0} = {1A1C203B-D24E-31DA-8B8B-97CD0E16DAFC}
		{7B15A3B7-2D02-39C7-BF8E-9ED71ECDE7DA} = {1A1C203B-D24E-31DA-8B8B-97CD0E16DAFC}
		{23C3CA66-4F1D-3F91-A307-5369825E7406} = {1A1C203B-D24E-31DA-8B8B-97CD0E16DAFC}
		{E99075E9-F634-3C32-AD4F-3AFBDF5E4583} = {1A1C203B-D24E-31DA-8B8B-97CD0E16DAFC}
		{BFAD554E-CD3D-3341-A510-D5CA7D1C9AE6} = {1A1C203B-D24E-31DA-8B8B-97CD0E16DAFC}
		{84D0FDDB-7BCD-32C4-952B-BFD97D87CF0D} = {1A1C203B-D24E-31DA-8B8B-97CD0E16DAFC}
	EndGlobalSection
	GlobalSection(ExtensibilityGlobals) = postSolution
		SolutionGuid = {5BE54277-757F-3BE0-AECA-ACB859174A91}
	EndGlobalSection
	GlobalSection(ExtensibilityAddIns) = postSolution
	EndGlobalSection
EndGlobal
